<Solution>
  <Configurations>
    <Platform Name="Any CPU" />
    <Platform Name="x64" />
    <Platform Name="x86" />
  </Configurations>
  <Folder Name="/00. docs/">
    <File Path="docs/AGENT.md" />
    <File Path="docs/DESIGN.md" />
    <File Path="docs/ENDREASON.md" />
    <File Path="docs/STRUCTURE.md" />
    <File Path="docs/TODO.md" />
    <File Path="docs/VECTORDB.md" />
  </Folder>
  <Folder Name="/10. src/">
    <Project Path="src/IronHive.Abstractions/IronHive.Abstractions.csproj" />
    <Project Path="src/IronHive.Core/IronHive.Core.csproj" />
  </Folder>
  <Folder Name="/10. src/Plugins/">
    <Project Path="src/IronHive.Plugins.MCP/IronHive.Plugins.MCP.csproj" />
    <Project Path="src/IronHive.Plugins.OpenAPI/IronHive.Plugins.OpenAPI.csproj" />
  </Folder>
  <Folder Name="/10. src/Providers/">
    <Project Path="src/IronHive.Providers.Anthropic/IronHive.Providers.Anthropic.csproj" />
    <Project Path="src/IronHive.Providers.GoogleAI/IronHive.Providers.GoogleAI.csproj" />
    <Project Path="src/IronHive.Providers.OpenAI.Compatible/IronHive.Providers.OpenAI.Compatible.csproj" Id="10957542-bbbc-4d74-80b6-fc0d6ef13b55" />
    <Project Path="src/IronHive.Providers.OpenAI/IronHive.Providers.OpenAI.csproj" />
  </Folder>
  <Folder Name="/10. src/Storages/">
    <Project Path="src/IronHive.Storages.Amazon/IronHive.Storages.Amazon.csproj" />
    <Project Path="src/IronHive.Storages.Azure/IronHive.Storages.Azure.csproj" />
    <Project Path="src/IronHive.Storages.Qdrant/IronHive.Storages.Qdrant.csproj" />
    <Project Path="src/IronHive.Storages.RabbitMQ/IronHive.Storages.RabbitMQ.csproj" />
  </Folder>
  <Folder Name="/20. samples/">
    <Project Path="samples/ConsoleApp/ConsoleApp.csproj" />
    <Project Path="samples/WebServer/WebServer.csproj" />
  </Folder>
  <Folder Name="/30. tests/">
    <Project Path="tests/chat-api-tests/ChatApiTests.csproj" />
    <Project Path="tests/IronHive.Tests/IronHive.Tests.csproj" />
    <Project Path="tests/multi-agent-test/MultiAgentTest.csproj" />
  </Folder>
  <Folder Name="/Solution Items/">
    <File Path=".editorconfig" />
  </Folder>
</Solution>
