
Microsoft Visual Studio Solution File, Format Version 12.00
# Visual Studio Version 18
VisualStudioVersion = 18.0.11205.157
MinimumVisualStudioVersion = 10.0.40219.1
Project("{2150E333-8FDC-42A3-9474-1A3956D46DE8}") = "00. docs", "00. docs", "{C5D07BAA-9B0C-4DBD-A39A-6043C34F1443}"
	ProjectSection(SolutionItems) = preProject
		docs\AGENT.md = docs\AGENT.md
		docs\DESIGN.md = docs\DESIGN.md
		docs\ENDREASON.md = docs\ENDREASON.md
		docs\STRUCTURE.md = docs\STRUCTURE.md
		docs\TODO.md = docs\TODO.md
		docs\VECTORDB.md = docs\VECTORDB.md
	EndProjectSection
EndProject
Project("{2150E333-8FDC-42A3-9474-1A3956D46DE8}") = "10. src", "10. src", "{D742CF15-98B2-4095-B749-589A7ED4EFD1}"
EndProject
Project("{2150E333-8FDC-42A3-9474-1A3956D46DE8}") = "Providers", "Providers", "{BA247DA3-3956-469A-BE72-2F201561404B}"
EndProject
Project("{2150E333-8FDC-42A3-9474-1A3956D46DE8}") = "Storages", "Storages", "{0E0B40CA-1316-4A75-89E7-41DF7B8D2BE0}"
EndProject
Project("{2150E333-8FDC-42A3-9474-1A3956D46DE8}") = "30. services", "30. services", "{C8D5274F-AC00-46C7-1F8D-E88E81087A52}"
EndProject
Project("{FAE04EC0-301F-11D3-BF4B-00C04F79EFBC}") = "IronHive.Abstractions", "src\IronHive.Abstractions\IronHive.Abstractions.csproj", "{49E34802-0BA5-C2BD-E13F-0B074BF4E014}"
EndProject
Project("{FAE04EC0-301F-11D3-BF4B-00C04F79EFBC}") = "IronHive.Core", "src\IronHive.Core\IronHive.Core.csproj", "{5DF68157-B213-12E8-1656-C22357C6BC52}"
EndProject
Project("{FAE04EC0-301F-11D3-BF4B-00C04F79EFBC}") = "IronHive.Storages.Qdrant", "src\IronHive.Storages.Qdrant\IronHive.Storages.Qdrant.csproj", "{9F17257E-B07B-F0D0-82C0-B82C6390B8A0}"
EndProject
Project("{FAE04EC0-301F-11D3-BF4B-00C04F79EFBC}") = "IronHive.Storages.RabbitMQ", "src\IronHive.Storages.RabbitMQ\IronHive.Storages.RabbitMQ.csproj", "{AEE472F3-8D28-4A59-A5EA-43F37891C4D9}"
EndProject
Project("{FAE04EC0-301F-11D3-BF4B-00C04F79EFBC}") = "IronHive.Storages.Azure", "src\IronHive.Storages.Azure\IronHive.Storages.Azure.csproj", "{5CF4A6AB-6A72-F608-3AA8-B671838260CF}"
EndProject
Project("{FAE04EC0-301F-11D3-BF4B-00C04F79EFBC}") = "IronHive.Storages.Amazon", "src\IronHive.Storages.Amazon\IronHive.Storages.Amazon.csproj", "{1245BC72-B0D2-736C-95E0-13980FD3605B}"
EndProject
Project("{FAE04EC0-301F-11D3-BF4B-00C04F79EFBC}") = "WebServer", "services\WebServer\WebServer.csproj", "{38B56B48-E92B-0A30-497E-BA66BD4646E3}"
EndProject
Project("{2150E333-8FDC-42A3-9474-1A3956D46DE8}") = "Plugins", "Plugins", "{01312FBB-E101-4E24-BEFD-74DD432685B1}"
EndProject
Project("{FAE04EC0-301F-11D3-BF4B-00C04F79EFBC}") = "IronHive.Plugins.MCP", "src\IronHive.Plugins.MCP\IronHive.Plugins.MCP.csproj", "{6622D0CB-FAAC-6948-A87D-82DE7F65CE9B}"
EndProject
Project("{FAE04EC0-301F-11D3-BF4B-00C04F79EFBC}") = "IronHive.Plugins.OpenAPI", "src\IronHive.Plugins.OpenAPI\IronHive.Plugins.OpenAPI.csproj", "{D58FAEB7-1809-254F-469A-720A4A8C18BD}"
EndProject
Project("{FAE04EC0-301F-11D3-BF4B-00C04F79EFBC}") = "IronHive.Providers.Anthropic", "src\IronHive.Providers.Anthropic\IronHive.Providers.Anthropic.csproj", "{DA384A5A-D5B1-5676-2709-C10168850E3A}"
EndProject
Project("{FAE04EC0-301F-11D3-BF4B-00C04F79EFBC}") = "IronHive.Providers.Ollama", "src\IronHive.Providers.Ollama\IronHive.Providers.Ollama.csproj", "{A96B656F-778A-94D5-0898-60676BA52095}"
EndProject
Project("{FAE04EC0-301F-11D3-BF4B-00C04F79EFBC}") = "IronHive.Providers.OpenAI", "src\IronHive.Providers.OpenAI\IronHive.Providers.OpenAI.csproj", "{E9978F79-5D1E-D186-92D3-7BA591A27B6F}"
EndProject
Project("{2150E333-8FDC-42A3-9474-1A3956D46DE8}") = "20. experiments", "20. experiments", "{F94E9079-E631-016F-4193-ECFB0308D062}"
EndProject
Project("{FAE04EC0-301F-11D3-BF4B-00C04F79EFBC}") = "ConsoleTest", "experiments\ConsoleTest\ConsoleTest.csproj", "{C251D6E8-D967-4C82-8108-056286650D2F}"
EndProject
Project("{FAE04EC0-301F-11D3-BF4B-00C04F79EFBC}") = "IronHive.Providers.GoogleAI", "src\IronHive.Providers.GoogleAI\IronHive.Providers.GoogleAI.csproj", "{22AAF1ED-9914-F35E-96F8-5A5CE52DD41B}"
EndProject
Project("{2150E333-8FDC-42A3-9474-1A3956D46DE8}") = "tests", "tests", "{0AB3BF05-4346-4AA6-1389-037BE0695223}"
EndProject
Project("{FAE04EC0-301F-11D3-BF4B-00C04F79EFBC}") = "IronHive.Tests", "tests\IronHive.Tests\IronHive.Tests.csproj", "{2D4ACC41-EF70-4563-9F67-031757A05166}"
EndProject
Project("{2150E333-8FDC-42A3-9474-1A3956D46DE8}") = "src", "src", "{827E0CD3-B72D-47B6-A68D-7590B98EB39B}"
EndProject
Project("{2150E333-8FDC-42A3-9474-1A3956D46DE8}") = "local-tests", "local-tests", "{3F8EB3DD-063F-6FDD-4A72-BA10EA207460}"
EndProject
Project("{FAE04EC0-301F-11D3-BF4B-00C04F79EFBC}") = "LocalTests", "tests\local-tests\LocalTests.csproj", "{1816DE6A-3C76-4E84-9905-03CE3F4CF0F2}"
EndProject
Global
	GlobalSection(SolutionConfigurationPlatforms) = preSolution
		Debug|Any CPU = Debug|Any CPU
		Debug|x64 = Debug|x64
		Debug|x86 = Debug|x86
		Release|Any CPU = Release|Any CPU
		Release|x64 = Release|x64
		Release|x86 = Release|x86
	EndGlobalSection
	GlobalSection(ProjectConfigurationPlatforms) = postSolution
		{49E34802-0BA5-C2BD-E13F-0B074BF4E014}.Debug|Any CPU.ActiveCfg = Debug|Any CPU
		{49E34802-0BA5-C2BD-E13F-0B074BF4E014}.Debug|Any CPU.Build.0 = Debug|Any CPU
		{49E34802-0BA5-C2BD-E13F-0B074BF4E014}.Debug|x64.ActiveCfg = Debug|Any CPU
		{49E34802-0BA5-C2BD-E13F-0B074BF4E014}.Debug|x64.Build.0 = Debug|Any CPU
		{49E34802-0BA5-C2BD-E13F-0B074BF4E014}.Debug|x86.ActiveCfg = Debug|Any CPU
		{49E34802-0BA5-C2BD-E13F-0B074BF4E014}.Debug|x86.Build.0 = Debug|Any CPU
		{49E34802-0BA5-C2BD-E13F-0B074BF4E014}.Release|Any CPU.ActiveCfg = Release|Any CPU
		{49E34802-0BA5-C2BD-E13F-0B074BF4E014}.Release|Any CPU.Build.0 = Release|Any CPU
		{49E34802-0BA5-C2BD-E13F-0B074BF4E014}.Release|x64.ActiveCfg = Release|Any CPU
		{49E34802-0BA5-C2BD-E13F-0B074BF4E014}.Release|x64.Build.0 = Release|Any CPU
		{49E34802-0BA5-C2BD-E13F-0B074BF4E014}.Release|x86.ActiveCfg = Release|Any CPU
		{49E34802-0BA5-C2BD-E13F-0B074BF4E014}.Release|x86.Build.0 = Release|Any CPU
		{5DF68157-B213-12E8-1656-C22357C6BC52}.Debug|Any CPU.ActiveCfg = Debug|Any CPU
		{5DF68157-B213-12E8-1656-C22357C6BC52}.Debug|Any CPU.Build.0 = Debug|Any CPU
		{5DF68157-B213-12E8-1656-C22357C6BC52}.Debug|x64.ActiveCfg = Debug|Any CPU
		{5DF68157-B213-12E8-1656-C22357C6BC52}.Debug|x64.Build.0 = Debug|Any CPU
		{5DF68157-B213-12E8-1656-C22357C6BC52}.Debug|x86.ActiveCfg = Debug|Any CPU
		{5DF68157-B213-12E8-1656-C22357C6BC52}.Debug|x86.Build.0 = Debug|Any CPU
		{5DF68157-B213-12E8-1656-C22357C6BC52}.Release|Any CPU.ActiveCfg = Release|Any CPU
		{5DF68157-B213-12E8-1656-C22357C6BC52}.Release|Any CPU.Build.0 = Release|Any CPU
		{5DF68157-B213-12E8-1656-C22357C6BC52}.Release|x64.ActiveCfg = Release|Any CPU
		{5DF68157-B213-12E8-1656-C22357C6BC52}.Release|x64.Build.0 = Release|Any CPU
		{5DF68157-B213-12E8-1656-C22357C6BC52}.Release|x86.ActiveCfg = Release|Any CPU
		{5DF68157-B213-12E8-1656-C22357C6BC52}.Release|x86.Build.0 = Release|Any CPU
		{9F17257E-B07B-F0D0-82C0-B82C6390B8A0}.Debug|Any CPU.ActiveCfg = Debug|Any CPU
		{9F17257E-B07B-F0D0-82C0-B82C6390B8A0}.Debug|Any CPU.Build.0 = Debug|Any CPU
		{9F17257E-B07B-F0D0-82C0-B82C6390B8A0}.Debug|x64.ActiveCfg = Debug|Any CPU
		{9F17257E-B07B-F0D0-82C0-B82C6390B8A0}.Debug|x64.Build.0 = Debug|Any CPU
		{9F17257E-B07B-F0D0-82C0-B82C6390B8A0}.Debug|x86.ActiveCfg = Debug|Any CPU
		{9F17257E-B07B-F0D0-82C0-B82C6390B8A0}.Debug|x86.Build.0 = Debug|Any CPU
		{9F17257E-B07B-F0D0-82C0-B82C6390B8A0}.Release|Any CPU.ActiveCfg = Release|Any CPU
		{9F17257E-B07B-F0D0-82C0-B82C6390B8A0}.Release|Any CPU.Build.0 = Release|Any CPU
		{9F17257E-B07B-F0D0-82C0-B82C6390B8A0}.Release|x64.ActiveCfg = Release|Any CPU
		{9F17257E-B07B-F0D0-82C0-B82C6390B8A0}.Release|x64.Build.0 = Release|Any CPU
		{9F17257E-B07B-F0D0-82C0-B82C6390B8A0}.Release|x86.ActiveCfg = Release|Any CPU
		{9F17257E-B07B-F0D0-82C0-B82C6390B8A0}.Release|x86.Build.0 = Release|Any CPU
		{AEE472F3-8D28-4A59-A5EA-43F37891C4D9}.Debug|Any CPU.ActiveCfg = Debug|Any CPU
		{AEE472F3-8D28-4A59-A5EA-43F37891C4D9}.Debug|Any CPU.Build.0 = Debug|Any CPU
		{AEE472F3-8D28-4A59-A5EA-43F37891C4D9}.Debug|x64.ActiveCfg = Debug|Any CPU
		{AEE472F3-8D28-4A59-A5EA-43F37891C4D9}.Debug|x64.Build.0 = Debug|Any CPU
		{AEE472F3-8D28-4A59-A5EA-43F37891C4D9}.Debug|x86.ActiveCfg = Debug|Any CPU
		{AEE472F3-8D28-4A59-A5EA-43F37891C4D9}.Debug|x86.Build.0 = Debug|Any CPU
		{AEE472F3-8D28-4A59-A5EA-43F37891C4D9}.Release|Any CPU.ActiveCfg = Release|Any CPU
		{AEE472F3-8D28-4A59-A5EA-43F37891C4D9}.Release|Any CPU.Build.0 = Release|Any CPU
		{AEE472F3-8D28-4A59-A5EA-43F37891C4D9}.Release|x64.ActiveCfg = Release|Any CPU
		{AEE472F3-8D28-4A59-A5EA-43F37891C4D9}.Release|x64.Build.0 = Release|Any CPU
		{AEE472F3-8D28-4A59-A5EA-43F37891C4D9}.Release|x86.ActiveCfg = Release|Any CPU
		{AEE472F3-8D28-4A59-A5EA-43F37891C4D9}.Release|x86.Build.0 = Release|Any CPU
		{5CF4A6AB-6A72-F608-3AA8-B671838260CF}.Debug|Any CPU.ActiveCfg = Debug|Any CPU
		{5CF4A6AB-6A72-F608-3AA8-B671838260CF}.Debug|Any CPU.Build.0 = Debug|Any CPU
		{5CF4A6AB-6A72-F608-3AA8-B671838260CF}.Debug|x64.ActiveCfg = Debug|Any CPU
		{5CF4A6AB-6A72-F608-3AA8-B671838260CF}.Debug|x64.Build.0 = Debug|Any CPU
		{5CF4A6AB-6A72-F608-3AA8-B671838260CF}.Debug|x86.ActiveCfg = Debug|Any CPU
		{5CF4A6AB-6A72-F608-3AA8-B671838260CF}.Debug|x86.Build.0 = Debug|Any CPU
		{5CF4A6AB-6A72-F608-3AA8-B671838260CF}.Release|Any CPU.ActiveCfg = Release|Any CPU
		{5CF4A6AB-6A72-F608-3AA8-B671838260CF}.Release|Any CPU.Build.0 = Release|Any CPU
		{5CF4A6AB-6A72-F608-3AA8-B671838260CF}.Release|x64.ActiveCfg = Release|Any CPU
		{5CF4A6AB-6A72-F608-3AA8-B671838260CF}.Release|x64.Build.0 = Release|Any CPU
		{5CF4A6AB-6A72-F608-3AA8-B671838260CF}.Release|x86.ActiveCfg = Release|Any CPU
		{5CF4A6AB-6A72-F608-3AA8-B671838260CF}.Release|x86.Build.0 = Release|Any CPU
		{1245BC72-B0D2-736C-95E0-13980FD3605B}.Debug|Any CPU.ActiveCfg = Debug|Any CPU
		{1245BC72-B0D2-736C-95E0-13980FD3605B}.Debug|Any CPU.Build.0 = Debug|Any CPU
		{1245BC72-B0D2-736C-95E0-13980FD3605B}.Debug|x64.ActiveCfg = Debug|Any CPU
		{1245BC72-B0D2-736C-95E0-13980FD3605B}.Debug|x64.Build.0 = Debug|Any CPU
		{1245BC72-B0D2-736C-95E0-13980FD3605B}.Debug|x86.ActiveCfg = Debug|Any CPU
		{1245BC72-B0D2-736C-95E0-13980FD3605B}.Debug|x86.Build.0 = Debug|Any CPU
		{1245BC72-B0D2-736C-95E0-13980FD3605B}.Release|Any CPU.ActiveCfg = Release|Any CPU
		{1245BC72-B0D2-736C-95E0-13980FD3605B}.Release|Any CPU.Build.0 = Release|Any CPU
		{1245BC72-B0D2-736C-95E0-13980FD3605B}.Release|x64.ActiveCfg = Release|Any CPU
		{1245BC72-B0D2-736C-95E0-13980FD3605B}.Release|x64.Build.0 = Release|Any CPU
		{1245BC72-B0D2-736C-95E0-13980FD3605B}.Release|x86.ActiveCfg = Release|Any CPU
		{1245BC72-B0D2-736C-95E0-13980FD3605B}.Release|x86.Build.0 = Release|Any CPU
		{38B56B48-E92B-0A30-497E-BA66BD4646E3}.Debug|Any CPU.ActiveCfg = Debug|Any CPU
		{38B56B48-E92B-0A30-497E-BA66BD4646E3}.Debug|Any CPU.Build.0 = Debug|Any CPU
		{38B56B48-E92B-0A30-497E-BA66BD4646E3}.Debug|x64.ActiveCfg = Debug|Any CPU
		{38B56B48-E92B-0A30-497E-BA66BD4646E3}.Debug|x64.Build.0 = Debug|Any CPU
		{38B56B48-E92B-0A30-497E-BA66BD4646E3}.Debug|x86.ActiveCfg = Debug|Any CPU
		{38B56B48-E92B-0A30-497E-BA66BD4646E3}.Debug|x86.Build.0 = Debug|Any CPU
		{38B56B48-E92B-0A30-497E-BA66BD4646E3}.Release|Any CPU.ActiveCfg = Release|Any CPU
		{38B56B48-E92B-0A30-497E-BA66BD4646E3}.Release|Any CPU.Build.0 = Release|Any CPU
		{38B56B48-E92B-0A30-497E-BA66BD4646E3}.Release|x64.ActiveCfg = Release|Any CPU
		{38B56B48-E92B-0A30-497E-BA66BD4646E3}.Release|x64.Build.0 = Release|Any CPU
		{38B56B48-E92B-0A30-497E-BA66BD4646E3}.Release|x86.ActiveCfg = Release|Any CPU
		{38B56B48-E92B-0A30-497E-BA66BD4646E3}.Release|x86.Build.0 = Release|Any CPU
		{6622D0CB-FAAC-6948-A87D-82DE7F65CE9B}.Debug|Any CPU.ActiveCfg = Debug|Any CPU
		{6622D0CB-FAAC-6948-A87D-82DE7F65CE9B}.Debug|Any CPU.Build.0 = Debug|Any CPU
		{6622D0CB-FAAC-6948-A87D-82DE7F65CE9B}.Debug|x64.ActiveCfg = Debug|Any CPU
		{6622D0CB-FAAC-6948-A87D-82DE7F65CE9B}.Debug|x64.Build.0 = Debug|Any CPU
		{6622D0CB-FAAC-6948-A87D-82DE7F65CE9B}.Debug|x86.ActiveCfg = Debug|Any CPU
		{6622D0CB-FAAC-6948-A87D-82DE7F65CE9B}.Debug|x86.Build.0 = Debug|Any CPU
		{6622D0CB-FAAC-6948-A87D-82DE7F65CE9B}.Release|Any CPU.ActiveCfg = Release|Any CPU
		{6622D0CB-FAAC-6948-A87D-82DE7F65CE9B}.Release|Any CPU.Build.0 = Release|Any CPU
		{6622D0CB-FAAC-6948-A87D-82DE7F65CE9B}.Release|x64.ActiveCfg = Release|Any CPU
		{6622D0CB-FAAC-6948-A87D-82DE7F65CE9B}.Release|x64.Build.0 = Release|Any CPU
		{6622D0CB-FAAC-6948-A87D-82DE7F65CE9B}.Release|x86.ActiveCfg = Release|Any CPU
		{6622D0CB-FAAC-6948-A87D-82DE7F65CE9B}.Release|x86.Build.0 = Release|Any CPU
		{D58FAEB7-1809-254F-469A-720A4A8C18BD}.Debug|Any CPU.ActiveCfg = Debug|Any CPU
		{D58FAEB7-1809-254F-469A-720A4A8C18BD}.Debug|Any CPU.Build.0 = Debug|Any CPU
		{D58FAEB7-1809-254F-469A-720A4A8C18BD}.Debug|x64.ActiveCfg = Debug|Any CPU
		{D58FAEB7-1809-254F-469A-720A4A8C18BD}.Debug|x64.Build.0 = Debug|Any CPU
		{D58FAEB7-1809-254F-469A-720A4A8C18BD}.Debug|x86.ActiveCfg = Debug|Any CPU
		{D58FAEB7-1809-254F-469A-720A4A8C18BD}.Debug|x86.Build.0 = Debug|Any CPU
		{D58FAEB7-1809-254F-469A-720A4A8C18BD}.Release|Any CPU.ActiveCfg = Release|Any CPU
		{D58FAEB7-1809-254F-469A-720A4A8C18BD}.Release|Any CPU.Build.0 = Release|Any CPU
		{D58FAEB7-1809-254F-469A-720A4A8C18BD}.Release|x64.ActiveCfg = Release|Any CPU
		{D58FAEB7-1809-254F-469A-720A4A8C18BD}.Release|x64.Build.0 = Release|Any CPU
		{D58FAEB7-1809-254F-469A-720A4A8C18BD}.Release|x86.ActiveCfg = Release|Any CPU
		{D58FAEB7-1809-254F-469A-720A4A8C18BD}.Release|x86.Build.0 = Release|Any CPU
		{DA384A5A-D5B1-5676-2709-C10168850E3A}.Debug|Any CPU.ActiveCfg = Debug|Any CPU
		{DA384A5A-D5B1-5676-2709-C10168850E3A}.Debug|Any CPU.Build.0 = Debug|Any CPU
		{DA384A5A-D5B1-5676-2709-C10168850E3A}.Debug|x64.ActiveCfg = Debug|Any CPU
		{DA384A5A-D5B1-5676-2709-C10168850E3A}.Debug|x64.Build.0 = Debug|Any CPU
		{DA384A5A-D5B1-5676-2709-C10168850E3A}.Debug|x86.ActiveCfg = Debug|Any CPU
		{DA384A5A-D5B1-5676-2709-C10168850E3A}.Debug|x86.Build.0 = Debug|Any CPU
		{DA384A5A-D5B1-5676-2709-C10168850E3A}.Release|Any CPU.ActiveCfg = Release|Any CPU
		{DA384A5A-D5B1-5676-2709-C10168850E3A}.Release|Any CPU.Build.0 = Release|Any CPU
		{DA384A5A-D5B1-5676-2709-C10168850E3A}.Release|x64.ActiveCfg = Release|Any CPU
		{DA384A5A-D5B1-5676-2709-C10168850E3A}.Release|x64.Build.0 = Release|Any CPU
		{DA384A5A-D5B1-5676-2709-C10168850E3A}.Release|x86.ActiveCfg = Release|Any CPU
		{DA384A5A-D5B1-5676-2709-C10168850E3A}.Release|x86.Build.0 = Release|Any CPU
		{A96B656F-778A-94D5-0898-60676BA52095}.Debug|Any CPU.ActiveCfg = Debug|Any CPU
		{A96B656F-778A-94D5-0898-60676BA52095}.Debug|Any CPU.Build.0 = Debug|Any CPU
		{A96B656F-778A-94D5-0898-60676BA52095}.Debug|x64.ActiveCfg = Debug|Any CPU
		{A96B656F-778A-94D5-0898-60676BA52095}.Debug|x64.Build.0 = Debug|Any CPU
		{A96B656F-778A-94D5-0898-60676BA52095}.Debug|x86.ActiveCfg = Debug|Any CPU
		{A96B656F-778A-94D5-0898-60676BA52095}.Debug|x86.Build.0 = Debug|Any CPU
		{A96B656F-778A-94D5-0898-60676BA52095}.Release|Any CPU.ActiveCfg = Release|Any CPU
		{A96B656F-778A-94D5-0898-60676BA52095}.Release|Any CPU.Build.0 = Release|Any CPU
		{A96B656F-778A-94D5-0898-60676BA52095}.Release|x64.ActiveCfg = Release|Any CPU
		{A96B656F-778A-94D5-0898-60676BA52095}.Release|x64.Build.0 = Release|Any CPU
		{A96B656F-778A-94D5-0898-60676BA52095}.Release|x86.ActiveCfg = Release|Any CPU
		{A96B656F-778A-94D5-0898-60676BA52095}.Release|x86.Build.0 = Release|Any CPU
		{E9978F79-5D1E-D186-92D3-7BA591A27B6F}.Debug|Any CPU.ActiveCfg = Debug|Any CPU
		{E9978F79-5D1E-D186-92D3-7BA591A27B6F}.Debug|Any CPU.Build.0 = Debug|Any CPU
		{E9978F79-5D1E-D186-92D3-7BA591A27B6F}.Debug|x64.ActiveCfg = Debug|Any CPU
		{E9978F79-5D1E-D186-92D3-7BA591A27B6F}.Debug|x64.Build.0 = Debug|Any CPU
		{E9978F79-5D1E-D186-92D3-7BA591A27B6F}.Debug|x86.ActiveCfg = Debug|Any CPU
		{E9978F79-5D1E-D186-92D3-7BA591A27B6F}.Debug|x86.Build.0 = Debug|Any CPU
		{E9978F79-5D1E-D186-92D3-7BA591A27B6F}.Release|Any CPU.ActiveCfg = Release|Any CPU
		{E9978F79-5D1E-D186-92D3-7BA591A27B6F}.Release|Any CPU.Build.0 = Release|Any CPU
		{E9978F79-5D1E-D186-92D3-7BA591A27B6F}.Release|x64.ActiveCfg = Release|Any CPU
		{E9978F79-5D1E-D186-92D3-7BA591A27B6F}.Release|x64.Build.0 = Release|Any CPU
		{E9978F79-5D1E-D186-92D3-7BA591A27B6F}.Release|x86.ActiveCfg = Release|Any CPU
		{E9978F79-5D1E-D186-92D3-7BA591A27B6F}.Release|x86.Build.0 = Release|Any CPU
		{C251D6E8-D967-4C82-8108-056286650D2F}.Debug|Any CPU.ActiveCfg = Debug|Any CPU
		{C251D6E8-D967-4C82-8108-056286650D2F}.Debug|Any CPU.Build.0 = Debug|Any CPU
		{C251D6E8-D967-4C82-8108-056286650D2F}.Debug|x64.ActiveCfg = Debug|Any CPU
		{C251D6E8-D967-4C82-8108-056286650D2F}.Debug|x64.Build.0 = Debug|Any CPU
		{C251D6E8-D967-4C82-8108-056286650D2F}.Debug|x86.ActiveCfg = Debug|Any CPU
		{C251D6E8-D967-4C82-8108-056286650D2F}.Debug|x86.Build.0 = Debug|Any CPU
		{C251D6E8-D967-4C82-8108-056286650D2F}.Release|Any CPU.ActiveCfg = Release|Any CPU
		{C251D6E8-D967-4C82-8108-056286650D2F}.Release|Any CPU.Build.0 = Release|Any CPU
		{C251D6E8-D967-4C82-8108-056286650D2F}.Release|x64.ActiveCfg = Release|Any CPU
		{C251D6E8-D967-4C82-8108-056286650D2F}.Release|x64.Build.0 = Release|Any CPU
		{C251D6E8-D967-4C82-8108-056286650D2F}.Release|x86.ActiveCfg = Release|Any CPU
		{C251D6E8-D967-4C82-8108-056286650D2F}.Release|x86.Build.0 = Release|Any CPU
		{22AAF1ED-9914-F35E-96F8-5A5CE52DD41B}.Debug|Any CPU.ActiveCfg = Debug|Any CPU
		{22AAF1ED-9914-F35E-96F8-5A5CE52DD41B}.Debug|Any CPU.Build.0 = Debug|Any CPU
		{22AAF1ED-9914-F35E-96F8-5A5CE52DD41B}.Debug|x64.ActiveCfg = Debug|Any CPU
		{22AAF1ED-9914-F35E-96F8-5A5CE52DD41B}.Debug|x64.Build.0 = Debug|Any CPU
		{22AAF1ED-9914-F35E-96F8-5A5CE52DD41B}.Debug|x86.ActiveCfg = Debug|Any CPU
		{22AAF1ED-9914-F35E-96F8-5A5CE52DD41B}.Debug|x86.Build.0 = Debug|Any CPU
		{22AAF1ED-9914-F35E-96F8-5A5CE52DD41B}.Release|Any CPU.ActiveCfg = Release|Any CPU
		{22AAF1ED-9914-F35E-96F8-5A5CE52DD41B}.Release|Any CPU.Build.0 = Release|Any CPU
		{22AAF1ED-9914-F35E-96F8-5A5CE52DD41B}.Release|x64.ActiveCfg = Release|Any CPU
		{22AAF1ED-9914-F35E-96F8-5A5CE52DD41B}.Release|x64.Build.0 = Release|Any CPU
		{22AAF1ED-9914-F35E-96F8-5A5CE52DD41B}.Release|x86.ActiveCfg = Release|Any CPU
		{22AAF1ED-9914-F35E-96F8-5A5CE52DD41B}.Release|x86.Build.0 = Release|Any CPU
		{2D4ACC41-EF70-4563-9F67-031757A05166}.Debug|Any CPU.ActiveCfg = Debug|Any CPU
		{2D4ACC41-EF70-4563-9F67-031757A05166}.Debug|Any CPU.Build.0 = Debug|Any CPU
		{2D4ACC41-EF70-4563-9F67-031757A05166}.Debug|x64.ActiveCfg = Debug|Any CPU
		{2D4ACC41-EF70-4563-9F67-031757A05166}.Debug|x64.Build.0 = Debug|Any CPU
		{2D4ACC41-EF70-4563-9F67-031757A05166}.Debug|x86.ActiveCfg = Debug|Any CPU
		{2D4ACC41-EF70-4563-9F67-031757A05166}.Debug|x86.Build.0 = Debug|Any CPU
		{2D4ACC41-EF70-4563-9F67-031757A05166}.Release|Any CPU.ActiveCfg = Release|Any CPU
		{2D4ACC41-EF70-4563-9F67-031757A05166}.Release|Any CPU.Build.0 = Release|Any CPU
		{2D4ACC41-EF70-4563-9F67-031757A05166}.Release|x64.ActiveCfg = Release|Any CPU
		{2D4ACC41-EF70-4563-9F67-031757A05166}.Release|x64.Build.0 = Release|Any CPU
		{2D4ACC41-EF70-4563-9F67-031757A05166}.Release|x86.ActiveCfg = Release|Any CPU
		{2D4ACC41-EF70-4563-9F67-031757A05166}.Release|x86.Build.0 = Release|Any CPU
		{1816DE6A-3C76-4E84-9905-03CE3F4CF0F2}.Debug|Any CPU.ActiveCfg = Debug|Any CPU
		{1816DE6A-3C76-4E84-9905-03CE3F4CF0F2}.Debug|Any CPU.Build.0 = Debug|Any CPU
		{1816DE6A-3C76-4E84-9905-03CE3F4CF0F2}.Debug|x64.ActiveCfg = Debug|Any CPU
		{1816DE6A-3C76-4E84-9905-03CE3F4CF0F2}.Debug|x64.Build.0 = Debug|Any CPU
		{1816DE6A-3C76-4E84-9905-03CE3F4CF0F2}.Debug|x86.ActiveCfg = Debug|Any CPU
		{1816DE6A-3C76-4E84-9905-03CE3F4CF0F2}.Debug|x86.Build.0 = Debug|Any CPU
		{1816DE6A-3C76-4E84-9905-03CE3F4CF0F2}.Release|Any CPU.ActiveCfg = Release|Any CPU
		{1816DE6A-3C76-4E84-9905-03CE3F4CF0F2}.Release|Any CPU.Build.0 = Release|Any CPU
		{1816DE6A-3C76-4E84-9905-03CE3F4CF0F2}.Release|x64.ActiveCfg = Release|Any CPU
		{1816DE6A-3C76-4E84-9905-03CE3F4CF0F2}.Release|x64.Build.0 = Release|Any CPU
		{1816DE6A-3C76-4E84-9905-03CE3F4CF0F2}.Release|x86.ActiveCfg = Release|Any CPU
		{1816DE6A-3C76-4E84-9905-03CE3F4CF0F2}.Release|x86.Build.0 = Release|Any CPU
	EndGlobalSection
	GlobalSection(SolutionProperties) = preSolution
		HideSolutionNode = FALSE
	EndGlobalSection
	GlobalSection(NestedProjects) = preSolution
		{BA247DA3-3956-469A-BE72-2F201561404B} = {D742CF15-98B2-4095-B749-589A7ED4EFD1}
		{0E0B40CA-1316-4A75-89E7-41DF7B8D2BE0} = {D742CF15-98B2-4095-B749-589A7ED4EFD1}
		{49E34802-0BA5-C2BD-E13F-0B074BF4E014} = {D742CF15-98B2-4095-B749-589A7ED4EFD1}
		{5DF68157-B213-12E8-1656-C22357C6BC52} = {D742CF15-98B2-4095-B749-589A7ED4EFD1}
		{9F17257E-B07B-F0D0-82C0-B82C6390B8A0} = {0E0B40CA-1316-4A75-89E7-41DF7B8D2BE0}
		{AEE472F3-8D28-4A59-A5EA-43F37891C4D9} = {0E0B40CA-1316-4A75-89E7-41DF7B8D2BE0}
		{5CF4A6AB-6A72-F608-3AA8-B671838260CF} = {0E0B40CA-1316-4A75-89E7-41DF7B8D2BE0}
		{1245BC72-B0D2-736C-95E0-13980FD3605B} = {0E0B40CA-1316-4A75-89E7-41DF7B8D2BE0}
		{38B56B48-E92B-0A30-497E-BA66BD4646E3} = {C8D5274F-AC00-46C7-1F8D-E88E81087A52}
		{01312FBB-E101-4E24-BEFD-74DD432685B1} = {D742CF15-98B2-4095-B749-589A7ED4EFD1}
		{6622D0CB-FAAC-6948-A87D-82DE7F65CE9B} = {01312FBB-E101-4E24-BEFD-74DD432685B1}
		{D58FAEB7-1809-254F-469A-720A4A8C18BD} = {01312FBB-E101-4E24-BEFD-74DD432685B1}
		{DA384A5A-D5B1-5676-2709-C10168850E3A} = {BA247DA3-3956-469A-BE72-2F201561404B}
		{A96B656F-778A-94D5-0898-60676BA52095} = {BA247DA3-3956-469A-BE72-2F201561404B}
		{E9978F79-5D1E-D186-92D3-7BA591A27B6F} = {BA247DA3-3956-469A-BE72-2F201561404B}
		{C251D6E8-D967-4C82-8108-056286650D2F} = {F94E9079-E631-016F-4193-ECFB0308D062}
		{22AAF1ED-9914-F35E-96F8-5A5CE52DD41B} = {BA247DA3-3956-469A-BE72-2F201561404B}
		{2D4ACC41-EF70-4563-9F67-031757A05166} = {0AB3BF05-4346-4AA6-1389-037BE0695223}
		{3F8EB3DD-063F-6FDD-4A72-BA10EA207460} = {0AB3BF05-4346-4AA6-1389-037BE0695223}
		{1816DE6A-3C76-4E84-9905-03CE3F4CF0F2} = {3F8EB3DD-063F-6FDD-4A72-BA10EA207460}
	EndGlobalSection
	GlobalSection(ExtensibilityGlobals) = postSolution
		SolutionGuid = {D53D41CC-8B85-4816-A6CC-C1161061E791}
	EndGlobalSection
EndGlobal
