
Microsoft Visual Studio Solution File, Format Version 12.00
# Visual Studio Version 17
VisualStudioVersion = 17.0.31903.59
MinimumVisualStudioVersion = 10.0.40219.1
Project("{2150E333-8FDC-42A3-9474-1A3956D46DE8}") = "00. docs", "00. docs", "{C5D07BAA-9B0C-4DBD-A39A-6043C34F1443}"
	ProjectSection(SolutionItems) = preProject
		docs\STRUCTURE.md = docs\STRUCTURE.md
		docs\TODO.md = docs\TODO.md
	EndProjectSection
EndProject
Project("{2150E333-8FDC-42A3-9474-1A3956D46DE8}") = "10. src", "10. src", "{D742CF15-98B2-4095-B749-589A7ED4EFD1}"
EndProject
Project("{2150E333-8FDC-42A3-9474-1A3956D46DE8}") = "Connectors", "Connectors", "{BA247DA3-3956-469A-BE72-2F201561404B}"
EndProject
Project("{2150E333-8FDC-42A3-9474-1A3956D46DE8}") = "Storages", "Storages", "{0E0B40CA-1316-4A75-89E7-41DF7B8D2BE0}"
EndProject
Project("{2150E333-8FDC-42A3-9474-1A3956D46DE8}") = "20. services", "20. services", "{C8D5274F-AC00-46C7-1F8D-E88E81087A52}"
EndProject
Project("{FAE04EC0-301F-11D3-BF4B-00C04F79EFBC}") = "IronHive.Connectors.OpenAI", "src\IronHive.Connectors.OpenAI\IronHive.Connectors.OpenAI.csproj", "{6C469EAA-C241-57C0-CC94-6A01BC7FE859}"
EndProject
Project("{FAE04EC0-301F-11D3-BF4B-00C04F79EFBC}") = "IronHive.Connectors.Ollama", "src\IronHive.Connectors.Ollama\IronHive.Connectors.Ollama.csproj", "{77BBE26E-0A24-1D77-63FC-015D4D4D3FD2}"
EndProject
Project("{FAE04EC0-301F-11D3-BF4B-00C04F79EFBC}") = "IronHive.Connectors.Anthropic", "src\IronHive.Connectors.Anthropic\IronHive.Connectors.Anthropic.csproj", "{602B49A3-31B6-8FA3-AA17-ED1F78DE1690}"
EndProject
Project("{FAE04EC0-301F-11D3-BF4B-00C04F79EFBC}") = "IronHive.Abstractions", "src\IronHive.Abstractions\IronHive.Abstractions.csproj", "{49E34802-0BA5-C2BD-E13F-0B074BF4E014}"
EndProject
Project("{FAE04EC0-301F-11D3-BF4B-00C04F79EFBC}") = "IronHive.Core", "src\IronHive.Core\IronHive.Core.csproj", "{5DF68157-B213-12E8-1656-C22357C6BC52}"
EndProject
Project("{FAE04EC0-301F-11D3-BF4B-00C04F79EFBC}") = "IronHive.Storages.AzureBlob", "src\IronHive.Storages.AzureBlob\IronHive.Storages.AzureBlob.csproj", "{982A8364-A300-C245-CB26-BE688C449C7F}"
EndProject
Project("{FAE04EC0-301F-11D3-BF4B-00C04F79EFBC}") = "IronHive.Storages.LiteDB", "src\IronHive.Storages.LiteDB\IronHive.Storages.LiteDB.csproj", "{BEDE010E-2CA4-B754-4434-0604BA5BD360}"
EndProject
Project("{FAE04EC0-301F-11D3-BF4B-00C04F79EFBC}") = "IronHive.Storages.Qdrant", "src\IronHive.Storages.Qdrant\IronHive.Storages.Qdrant.csproj", "{9F17257E-B07B-F0D0-82C0-B82C6390B8A0}"
EndProject
Project("{FAE04EC0-301F-11D3-BF4B-00C04F79EFBC}") = "IronHive.Stack.EFCore", "services\IronHive.Stack.EFCore\IronHive.Stack.EFCore.csproj", "{EF543222-BE00-8CF0-45CD-49C997F86CA2}"
EndProject
Project("{FAE04EC0-301F-11D3-BF4B-00C04F79EFBC}") = "IronHive.Stack.WebApi", "services\IronHive.Stack.WebApi\IronHive.Stack.WebApi.csproj", "{C4EDC7A6-42BA-0E53-68AD-1ED89B7B0F59}"
EndProject
Project("{2150E333-8FDC-42A3-9474-1A3956D46DE8}") = "30. test", "30. test", "{56FE49BB-39B3-4DE9-BDA5-6E2C5D358F4A}"
EndProject
Project("{FAE04EC0-301F-11D3-BF4B-00C04F79EFBC}") = "ConsoleTest", "test\ConsoleTest\ConsoleTest.csproj", "{DB1AB309-87B2-15B6-9607-FAAA13D87790}"
EndProject
Project("{FAE04EC0-301F-11D3-BF4B-00C04F79EFBC}") = "IronHive.Storages.AmazonS3", "src\IronHive.Storages.AmazonS3\IronHive.Storages.AmazonS3.csproj", "{5B394EDB-4B49-452C-8586-45452F5DEA7C}"
EndProject
Project("{FAE04EC0-301F-11D3-BF4B-00C04F79EFBC}") = "IronHive.Storages.Local", "src\IronHive.Storages.Local\IronHive.Storages.Local.csproj", "{4F9CA43F-C63B-4D3F-3F3E-CE705EB7AA0E}"
EndProject
Global
	GlobalSection(SolutionConfigurationPlatforms) = preSolution
		Debug|Any CPU = Debug|Any CPU
		Release|Any CPU = Release|Any CPU
	EndGlobalSection
	GlobalSection(ProjectConfigurationPlatforms) = postSolution
		{6C469EAA-C241-57C0-CC94-6A01BC7FE859}.Debug|Any CPU.ActiveCfg = Debug|Any CPU
		{6C469EAA-C241-57C0-CC94-6A01BC7FE859}.Debug|Any CPU.Build.0 = Debug|Any CPU
		{6C469EAA-C241-57C0-CC94-6A01BC7FE859}.Release|Any CPU.ActiveCfg = Release|Any CPU
		{6C469EAA-C241-57C0-CC94-6A01BC7FE859}.Release|Any CPU.Build.0 = Release|Any CPU
		{77BBE26E-0A24-1D77-63FC-015D4D4D3FD2}.Debug|Any CPU.ActiveCfg = Debug|Any CPU
		{77BBE26E-0A24-1D77-63FC-015D4D4D3FD2}.Debug|Any CPU.Build.0 = Debug|Any CPU
		{77BBE26E-0A24-1D77-63FC-015D4D4D3FD2}.Release|Any CPU.ActiveCfg = Release|Any CPU
		{77BBE26E-0A24-1D77-63FC-015D4D4D3FD2}.Release|Any CPU.Build.0 = Release|Any CPU
		{602B49A3-31B6-8FA3-AA17-ED1F78DE1690}.Debug|Any CPU.ActiveCfg = Debug|Any CPU
		{602B49A3-31B6-8FA3-AA17-ED1F78DE1690}.Debug|Any CPU.Build.0 = Debug|Any CPU
		{602B49A3-31B6-8FA3-AA17-ED1F78DE1690}.Release|Any CPU.ActiveCfg = Release|Any CPU
		{602B49A3-31B6-8FA3-AA17-ED1F78DE1690}.Release|Any CPU.Build.0 = Release|Any CPU
		{49E34802-0BA5-C2BD-E13F-0B074BF4E014}.Debug|Any CPU.ActiveCfg = Debug|Any CPU
		{49E34802-0BA5-C2BD-E13F-0B074BF4E014}.Debug|Any CPU.Build.0 = Debug|Any CPU
		{49E34802-0BA5-C2BD-E13F-0B074BF4E014}.Release|Any CPU.ActiveCfg = Release|Any CPU
		{49E34802-0BA5-C2BD-E13F-0B074BF4E014}.Release|Any CPU.Build.0 = Release|Any CPU
		{5DF68157-B213-12E8-1656-C22357C6BC52}.Debug|Any CPU.ActiveCfg = Debug|Any CPU
		{5DF68157-B213-12E8-1656-C22357C6BC52}.Debug|Any CPU.Build.0 = Debug|Any CPU
		{5DF68157-B213-12E8-1656-C22357C6BC52}.Release|Any CPU.ActiveCfg = Release|Any CPU
		{5DF68157-B213-12E8-1656-C22357C6BC52}.Release|Any CPU.Build.0 = Release|Any CPU
		{982A8364-A300-C245-CB26-BE688C449C7F}.Debug|Any CPU.ActiveCfg = Debug|Any CPU
		{982A8364-A300-C245-CB26-BE688C449C7F}.Debug|Any CPU.Build.0 = Debug|Any CPU
		{982A8364-A300-C245-CB26-BE688C449C7F}.Release|Any CPU.ActiveCfg = Release|Any CPU
		{982A8364-A300-C245-CB26-BE688C449C7F}.Release|Any CPU.Build.0 = Release|Any CPU
		{BEDE010E-2CA4-B754-4434-0604BA5BD360}.Debug|Any CPU.ActiveCfg = Debug|Any CPU
		{BEDE010E-2CA4-B754-4434-0604BA5BD360}.Debug|Any CPU.Build.0 = Debug|Any CPU
		{BEDE010E-2CA4-B754-4434-0604BA5BD360}.Release|Any CPU.ActiveCfg = Release|Any CPU
		{BEDE010E-2CA4-B754-4434-0604BA5BD360}.Release|Any CPU.Build.0 = Release|Any CPU
		{9F17257E-B07B-F0D0-82C0-B82C6390B8A0}.Debug|Any CPU.ActiveCfg = Debug|Any CPU
		{9F17257E-B07B-F0D0-82C0-B82C6390B8A0}.Debug|Any CPU.Build.0 = Debug|Any CPU
		{9F17257E-B07B-F0D0-82C0-B82C6390B8A0}.Release|Any CPU.ActiveCfg = Release|Any CPU
		{9F17257E-B07B-F0D0-82C0-B82C6390B8A0}.Release|Any CPU.Build.0 = Release|Any CPU
		{EF543222-BE00-8CF0-45CD-49C997F86CA2}.Debug|Any CPU.ActiveCfg = Debug|Any CPU
		{EF543222-BE00-8CF0-45CD-49C997F86CA2}.Debug|Any CPU.Build.0 = Debug|Any CPU
		{EF543222-BE00-8CF0-45CD-49C997F86CA2}.Release|Any CPU.ActiveCfg = Release|Any CPU
		{EF543222-BE00-8CF0-45CD-49C997F86CA2}.Release|Any CPU.Build.0 = Release|Any CPU
		{C4EDC7A6-42BA-0E53-68AD-1ED89B7B0F59}.Debug|Any CPU.ActiveCfg = Debug|Any CPU
		{C4EDC7A6-42BA-0E53-68AD-1ED89B7B0F59}.Debug|Any CPU.Build.0 = Debug|Any CPU
		{C4EDC7A6-42BA-0E53-68AD-1ED89B7B0F59}.Release|Any CPU.ActiveCfg = Release|Any CPU
		{C4EDC7A6-42BA-0E53-68AD-1ED89B7B0F59}.Release|Any CPU.Build.0 = Release|Any CPU
		{DB1AB309-87B2-15B6-9607-FAAA13D87790}.Debug|Any CPU.ActiveCfg = Debug|Any CPU
		{DB1AB309-87B2-15B6-9607-FAAA13D87790}.Debug|Any CPU.Build.0 = Debug|Any CPU
		{DB1AB309-87B2-15B6-9607-FAAA13D87790}.Release|Any CPU.ActiveCfg = Release|Any CPU
		{DB1AB309-87B2-15B6-9607-FAAA13D87790}.Release|Any CPU.Build.0 = Release|Any CPU
		{5B394EDB-4B49-452C-8586-45452F5DEA7C}.Debug|Any CPU.ActiveCfg = Debug|Any CPU
		{5B394EDB-4B49-452C-8586-45452F5DEA7C}.Debug|Any CPU.Build.0 = Debug|Any CPU
		{5B394EDB-4B49-452C-8586-45452F5DEA7C}.Release|Any CPU.ActiveCfg = Release|Any CPU
		{5B394EDB-4B49-452C-8586-45452F5DEA7C}.Release|Any CPU.Build.0 = Release|Any CPU
		{4F9CA43F-C63B-4D3F-3F3E-CE705EB7AA0E}.Debug|Any CPU.ActiveCfg = Debug|Any CPU
		{4F9CA43F-C63B-4D3F-3F3E-CE705EB7AA0E}.Debug|Any CPU.Build.0 = Debug|Any CPU
		{4F9CA43F-C63B-4D3F-3F3E-CE705EB7AA0E}.Release|Any CPU.ActiveCfg = Release|Any CPU
		{4F9CA43F-C63B-4D3F-3F3E-CE705EB7AA0E}.Release|Any CPU.Build.0 = Release|Any CPU
	EndGlobalSection
	GlobalSection(SolutionProperties) = preSolution
		HideSolutionNode = FALSE
	EndGlobalSection
	GlobalSection(NestedProjects) = preSolution
		{BA247DA3-3956-469A-BE72-2F201561404B} = {D742CF15-98B2-4095-B749-589A7ED4EFD1}
		{0E0B40CA-1316-4A75-89E7-41DF7B8D2BE0} = {D742CF15-98B2-4095-B749-589A7ED4EFD1}
		{6C469EAA-C241-57C0-CC94-6A01BC7FE859} = {BA247DA3-3956-469A-BE72-2F201561404B}
		{77BBE26E-0A24-1D77-63FC-015D4D4D3FD2} = {BA247DA3-3956-469A-BE72-2F201561404B}
		{602B49A3-31B6-8FA3-AA17-ED1F78DE1690} = {BA247DA3-3956-469A-BE72-2F201561404B}
		{49E34802-0BA5-C2BD-E13F-0B074BF4E014} = {D742CF15-98B2-4095-B749-589A7ED4EFD1}
		{5DF68157-B213-12E8-1656-C22357C6BC52} = {D742CF15-98B2-4095-B749-589A7ED4EFD1}
		{982A8364-A300-C245-CB26-BE688C449C7F} = {0E0B40CA-1316-4A75-89E7-41DF7B8D2BE0}
		{BEDE010E-2CA4-B754-4434-0604BA5BD360} = {0E0B40CA-1316-4A75-89E7-41DF7B8D2BE0}
		{9F17257E-B07B-F0D0-82C0-B82C6390B8A0} = {0E0B40CA-1316-4A75-89E7-41DF7B8D2BE0}
		{EF543222-BE00-8CF0-45CD-49C997F86CA2} = {C8D5274F-AC00-46C7-1F8D-E88E81087A52}
		{C4EDC7A6-42BA-0E53-68AD-1ED89B7B0F59} = {C8D5274F-AC00-46C7-1F8D-E88E81087A52}
		{DB1AB309-87B2-15B6-9607-FAAA13D87790} = {56FE49BB-39B3-4DE9-BDA5-6E2C5D358F4A}
		{5B394EDB-4B49-452C-8586-45452F5DEA7C} = {0E0B40CA-1316-4A75-89E7-41DF7B8D2BE0}
		{4F9CA43F-C63B-4D3F-3F3E-CE705EB7AA0E} = {0E0B40CA-1316-4A75-89E7-41DF7B8D2BE0}
	EndGlobalSection
	GlobalSection(ExtensibilityGlobals) = postSolution
		SolutionGuid = {D53D41CC-8B85-4816-A6CC-C1161061E791}
	EndGlobalSection
EndGlobal
