
Microsoft Visual Studio Solution File, Format Version 12.00
# Visual Studio Version 17
VisualStudioVersion = 17.0.31903.59
MinimumVisualStudioVersion = 10.0.40219.1
Project("{2150E333-8FDC-42A3-9474-1A3956D46DE8}") = "00. docs", "00. docs", "{0EEEA6E1-CF15-4AC2-B857-FFFA1D3CAEFC}"
	ProjectSection(SolutionItems) = preProject
		docs\STRUCTURE.md = docs\STRUCTURE.md
	EndProjectSection
EndProject
Project("{2150E333-8FDC-42A3-9474-1A3956D46DE8}") = "10. frameworks", "10. frameworks", "{D966E3FA-D84B-4D5D-B153-D5A0B79CEBC3}"
EndProject
Project("{2150E333-8FDC-42A3-9474-1A3956D46DE8}") = "20. packages", "20. packages", "{12A364EB-9356-4432-9D64-CA3C22131478}"
EndProject
Project("{2150E333-8FDC-42A3-9474-1A3956D46DE8}") = "40. tests", "40. tests", "{E79137DC-9E57-4B4D-AF15-20040AE4DA5D}"
EndProject
Project("{9A19103F-16F7-4668-BE54-9A1E7A4F7556}") = "Raggle.CoreTests", "tests\Raggle.CoreTests\Raggle.CoreTests.csproj", "{BDDAE76D-BC53-4BEB-9B5C-A77830CC3A66}"
EndProject
Project("{2150E333-8FDC-42A3-9474-1A3956D46DE8}") = "30. services", "30. services", "{D4891A9B-D61B-4F41-BFE2-3D2323203E1C}"
EndProject
Project("{9A19103F-16F7-4668-BE54-9A1E7A4F7556}") = "Raggle.Console", "src\services\Raggle.Console\Raggle.Console.csproj", "{11EF87A9-FF2A-40BC-A050-B267E8FFA31A}"
EndProject
Project("{9A19103F-16F7-4668-BE54-9A1E7A4F7556}") = "Raggle.Abstractions", "src\packages\Raggle.Abstractions\Raggle.Abstractions.csproj", "{62E4D861-B77F-42D3-B340-78230C852799}"
EndProject
Project("{9A19103F-16F7-4668-BE54-9A1E7A4F7556}") = "Raggle.Core", "src\packages\Raggle.Core\Raggle.Core.csproj", "{7591A39E-BB5F-4ED8-86DF-93375768E2D9}"
EndProject
Project("{2150E333-8FDC-42A3-9474-1A3956D46DE8}") = "Solution Items", "Solution Items", "{F37A2827-8B18-4F36-A769-919F0CEB4B7A}"
	ProjectSection(SolutionItems) = preProject
		.editorconfig = .editorconfig
	EndProjectSection
EndProject
Project("{9A19103F-16F7-4668-BE54-9A1E7A4F7556}") = "Raggle.TestKit", "src\services\Raggle.AutoTask\Raggle.TestKit.csproj", "{F6587420-F9A5-4EAE-9052-3AEDAB16F45C}"
EndProject
Project("{9A19103F-16F7-4668-BE54-9A1E7A4F7556}") = "Abstractions", "..\kernel-memory\service\Abstractions\Abstractions.csproj", "{9E40F707-DF15-4610-824C-C70C9CBC6FDF}"
EndProject
Project("{9A19103F-16F7-4668-BE54-9A1E7A4F7556}") = "Core", "..\kernel-memory\service\Core\Core.csproj", "{01F594A9-E72F-4842-A065-C5536662355B}"
EndProject
Project("{2150E333-8FDC-42A3-9474-1A3956D46DE8}") = "kernel-memory", "kernel-memory", "{2A6CAD55-4CE6-4124-9AB2-C9619B8B03CE}"
EndProject
Project("{2150E333-8FDC-42A3-9474-1A3956D46DE8}") = "Extensions", "Extensions", "{B7532E4A-8C14-4827-A850-85DA77DBC773}"
EndProject
Project("{9A19103F-16F7-4668-BE54-9A1E7A4F7556}") = "OpenAI", "..\kernel-memory\extensions\OpenAI\OpenAI\OpenAI.csproj", "{0E1C72F8-F044-424B-8107-9AADE39D604C}"
EndProject
Project("{9A19103F-16F7-4668-BE54-9A1E7A4F7556}") = "Anthropic", "..\kernel-memory\extensions\Anthropic\Anthropic.csproj", "{71BB52B2-DFEB-46C7-AE2B-5C3501180CAF}"
EndProject
Project("{9A19103F-16F7-4668-BE54-9A1E7A4F7556}") = "AzureAIDocIntel", "..\kernel-memory\extensions\AzureAIDocIntel\AzureAIDocIntel.csproj", "{BAD04E4E-7333-48AA-9D8E-92E1544BB96D}"
EndProject
Project("{9A19103F-16F7-4668-BE54-9A1E7A4F7556}") = "AzureAISearch", "..\kernel-memory\extensions\AzureAISearch\AzureAISearch\AzureAISearch.csproj", "{9E832CD1-A073-4CEC-8202-A7F86E94869E}"
EndProject
Project("{9A19103F-16F7-4668-BE54-9A1E7A4F7556}") = "AzureBlobs", "..\kernel-memory\extensions\AzureBlobs\AzureBlobs.csproj", "{BBF6FA8B-C5D5-4693-87C2-ECDBA08ED3B8}"
EndProject
Project("{9A19103F-16F7-4668-BE54-9A1E7A4F7556}") = "AzureOpenAI", "..\kernel-memory\extensions\AzureOpenAI\AzureOpenAI.csproj", "{64EF688B-E74A-4EC5-8150-4DA56D8AB9FD}"
EndProject
Project("{9A19103F-16F7-4668-BE54-9A1E7A4F7556}") = "AzureQueues", "..\kernel-memory\extensions\AzureQueues\AzureQueues.csproj", "{D89F888B-0971-4F1D-A296-B119BF73BBE0}"
EndProject
Project("{9A19103F-16F7-4668-BE54-9A1E7A4F7556}") = "Elasticsearch", "..\kernel-memory\extensions\Elasticsearch\Elasticsearch\Elasticsearch.csproj", "{7274227A-0A3C-497C-A5ED-3BDDF65D86B9}"
EndProject
Project("{9A19103F-16F7-4668-BE54-9A1E7A4F7556}") = "LlamaSharp", "..\kernel-memory\extensions\LlamaSharp\LlamaSharp\LlamaSharp.csproj", "{8BB5E5F8-F466-4CFA-8FF9-B8D035E7F067}"
EndProject
Project("{9A19103F-16F7-4668-BE54-9A1E7A4F7556}") = "MongoDbAtlas", "..\kernel-memory\extensions\MongoDbAtlas\MongoDbAtlas\MongoDbAtlas.csproj", "{2DF95D3F-3E2E-45AD-A661-F735B9CAD6A7}"
EndProject
Project("{9A19103F-16F7-4668-BE54-9A1E7A4F7556}") = "Postgres", "..\kernel-memory\extensions\Postgres\Postgres\Postgres.csproj", "{D5D4EDD9-95D3-476E-811F-3F61B1B23C2F}"
EndProject
Project("{9A19103F-16F7-4668-BE54-9A1E7A4F7556}") = "Qdrant", "..\kernel-memory\extensions\Qdrant\Qdrant\Qdrant.csproj", "{70BF9F39-E97D-447F-B2ED-704DCE5322B6}"
EndProject
Project("{9A19103F-16F7-4668-BE54-9A1E7A4F7556}") = "RabbitMQ", "..\kernel-memory\extensions\RabbitMQ\RabbitMQ.csproj", "{BDE70D83-864C-450D-8825-63161118EECC}"
EndProject
Project("{9A19103F-16F7-4668-BE54-9A1E7A4F7556}") = "Redis", "..\kernel-memory\extensions\Redis\Redis\Redis.csproj", "{8E5C4B07-6475-424A-8BCB-412839BBDF8A}"
EndProject
Project("{9A19103F-16F7-4668-BE54-9A1E7A4F7556}") = "S3", "..\kernel-memory\extensions\AWS\S3\S3.csproj", "{3BD2D9C7-A25A-4A0F-81C7-815E7EE0AA61}"
EndProject
Project("{9A19103F-16F7-4668-BE54-9A1E7A4F7556}") = "SQLServer", "..\kernel-memory\extensions\SQLServer\SQLServer\SQLServer.csproj", "{575ABB63-4F80-4B69-A931-6E97034FFE70}"
EndProject
Project("{9A19103F-16F7-4668-BE54-9A1E7A4F7556}") = "Raggle.Server.Web", "src\services\Raggle.Server.Web\Raggle.Server.Web.csproj", "{CB26D484-4B9E-4F89-B660-9A72A16B202A}"
EndProject
Project("{54A90642-561A-4BB1-A94E-469ADEE60C69}") = "Raggle.Server.WebFront", "src\services\Raggle.Server.WebFront\Raggle.Server.WebFront.esproj", "{4750FAD6-E4E4-4AED-A9D1-4F02C2D4ED50}"
EndProject
Global
	GlobalSection(SolutionConfigurationPlatforms) = preSolution
		Debug|Any CPU = Debug|Any CPU
		Release|Any CPU = Release|Any CPU
	EndGlobalSection
	GlobalSection(ProjectConfigurationPlatforms) = postSolution
		{BDDAE76D-BC53-4BEB-9B5C-A77830CC3A66}.Debug|Any CPU.ActiveCfg = Debug|Any CPU
		{BDDAE76D-BC53-4BEB-9B5C-A77830CC3A66}.Debug|Any CPU.Build.0 = Debug|Any CPU
		{BDDAE76D-BC53-4BEB-9B5C-A77830CC3A66}.Release|Any CPU.ActiveCfg = Release|Any CPU
		{BDDAE76D-BC53-4BEB-9B5C-A77830CC3A66}.Release|Any CPU.Build.0 = Release|Any CPU
		{11EF87A9-FF2A-40BC-A050-B267E8FFA31A}.Debug|Any CPU.ActiveCfg = Debug|Any CPU
		{11EF87A9-FF2A-40BC-A050-B267E8FFA31A}.Debug|Any CPU.Build.0 = Debug|Any CPU
		{11EF87A9-FF2A-40BC-A050-B267E8FFA31A}.Release|Any CPU.ActiveCfg = Release|Any CPU
		{11EF87A9-FF2A-40BC-A050-B267E8FFA31A}.Release|Any CPU.Build.0 = Release|Any CPU
		{62E4D861-B77F-42D3-B340-78230C852799}.Debug|Any CPU.ActiveCfg = Debug|Any CPU
		{62E4D861-B77F-42D3-B340-78230C852799}.Debug|Any CPU.Build.0 = Debug|Any CPU
		{62E4D861-B77F-42D3-B340-78230C852799}.Release|Any CPU.ActiveCfg = Release|Any CPU
		{62E4D861-B77F-42D3-B340-78230C852799}.Release|Any CPU.Build.0 = Release|Any CPU
		{7591A39E-BB5F-4ED8-86DF-93375768E2D9}.Debug|Any CPU.ActiveCfg = Debug|Any CPU
		{7591A39E-BB5F-4ED8-86DF-93375768E2D9}.Debug|Any CPU.Build.0 = Debug|Any CPU
		{7591A39E-BB5F-4ED8-86DF-93375768E2D9}.Release|Any CPU.ActiveCfg = Release|Any CPU
		{7591A39E-BB5F-4ED8-86DF-93375768E2D9}.Release|Any CPU.Build.0 = Release|Any CPU
		{F6587420-F9A5-4EAE-9052-3AEDAB16F45C}.Debug|Any CPU.ActiveCfg = Debug|Any CPU
		{F6587420-F9A5-4EAE-9052-3AEDAB16F45C}.Debug|Any CPU.Build.0 = Debug|Any CPU
		{F6587420-F9A5-4EAE-9052-3AEDAB16F45C}.Release|Any CPU.ActiveCfg = Release|Any CPU
		{F6587420-F9A5-4EAE-9052-3AEDAB16F45C}.Release|Any CPU.Build.0 = Release|Any CPU
		{9E40F707-DF15-4610-824C-C70C9CBC6FDF}.Debug|Any CPU.ActiveCfg = Debug|Any CPU
		{9E40F707-DF15-4610-824C-C70C9CBC6FDF}.Debug|Any CPU.Build.0 = Debug|Any CPU
		{9E40F707-DF15-4610-824C-C70C9CBC6FDF}.Release|Any CPU.ActiveCfg = Release|Any CPU
		{9E40F707-DF15-4610-824C-C70C9CBC6FDF}.Release|Any CPU.Build.0 = Release|Any CPU
		{01F594A9-E72F-4842-A065-C5536662355B}.Debug|Any CPU.ActiveCfg = Debug|Any CPU
		{01F594A9-E72F-4842-A065-C5536662355B}.Debug|Any CPU.Build.0 = Debug|Any CPU
		{01F594A9-E72F-4842-A065-C5536662355B}.Release|Any CPU.ActiveCfg = Release|Any CPU
		{01F594A9-E72F-4842-A065-C5536662355B}.Release|Any CPU.Build.0 = Release|Any CPU
		{0E1C72F8-F044-424B-8107-9AADE39D604C}.Debug|Any CPU.ActiveCfg = Debug|Any CPU
		{0E1C72F8-F044-424B-8107-9AADE39D604C}.Debug|Any CPU.Build.0 = Debug|Any CPU
		{0E1C72F8-F044-424B-8107-9AADE39D604C}.Release|Any CPU.ActiveCfg = Release|Any CPU
		{0E1C72F8-F044-424B-8107-9AADE39D604C}.Release|Any CPU.Build.0 = Release|Any CPU
		{71BB52B2-DFEB-46C7-AE2B-5C3501180CAF}.Debug|Any CPU.ActiveCfg = Debug|Any CPU
		{71BB52B2-DFEB-46C7-AE2B-5C3501180CAF}.Debug|Any CPU.Build.0 = Debug|Any CPU
		{71BB52B2-DFEB-46C7-AE2B-5C3501180CAF}.Release|Any CPU.ActiveCfg = Release|Any CPU
		{71BB52B2-DFEB-46C7-AE2B-5C3501180CAF}.Release|Any CPU.Build.0 = Release|Any CPU
		{BAD04E4E-7333-48AA-9D8E-92E1544BB96D}.Debug|Any CPU.ActiveCfg = Debug|Any CPU
		{BAD04E4E-7333-48AA-9D8E-92E1544BB96D}.Debug|Any CPU.Build.0 = Debug|Any CPU
		{BAD04E4E-7333-48AA-9D8E-92E1544BB96D}.Release|Any CPU.ActiveCfg = Release|Any CPU
		{BAD04E4E-7333-48AA-9D8E-92E1544BB96D}.Release|Any CPU.Build.0 = Release|Any CPU
		{9E832CD1-A073-4CEC-8202-A7F86E94869E}.Debug|Any CPU.ActiveCfg = Debug|Any CPU
		{9E832CD1-A073-4CEC-8202-A7F86E94869E}.Debug|Any CPU.Build.0 = Debug|Any CPU
		{9E832CD1-A073-4CEC-8202-A7F86E94869E}.Release|Any CPU.ActiveCfg = Release|Any CPU
		{9E832CD1-A073-4CEC-8202-A7F86E94869E}.Release|Any CPU.Build.0 = Release|Any CPU
		{BBF6FA8B-C5D5-4693-87C2-ECDBA08ED3B8}.Debug|Any CPU.ActiveCfg = Debug|Any CPU
		{BBF6FA8B-C5D5-4693-87C2-ECDBA08ED3B8}.Debug|Any CPU.Build.0 = Debug|Any CPU
		{BBF6FA8B-C5D5-4693-87C2-ECDBA08ED3B8}.Release|Any CPU.ActiveCfg = Release|Any CPU
		{BBF6FA8B-C5D5-4693-87C2-ECDBA08ED3B8}.Release|Any CPU.Build.0 = Release|Any CPU
		{64EF688B-E74A-4EC5-8150-4DA56D8AB9FD}.Debug|Any CPU.ActiveCfg = Debug|Any CPU
		{64EF688B-E74A-4EC5-8150-4DA56D8AB9FD}.Debug|Any CPU.Build.0 = Debug|Any CPU
		{64EF688B-E74A-4EC5-8150-4DA56D8AB9FD}.Release|Any CPU.ActiveCfg = Release|Any CPU
		{64EF688B-E74A-4EC5-8150-4DA56D8AB9FD}.Release|Any CPU.Build.0 = Release|Any CPU
		{D89F888B-0971-4F1D-A296-B119BF73BBE0}.Debug|Any CPU.ActiveCfg = Debug|Any CPU
		{D89F888B-0971-4F1D-A296-B119BF73BBE0}.Debug|Any CPU.Build.0 = Debug|Any CPU
		{D89F888B-0971-4F1D-A296-B119BF73BBE0}.Release|Any CPU.ActiveCfg = Release|Any CPU
		{D89F888B-0971-4F1D-A296-B119BF73BBE0}.Release|Any CPU.Build.0 = Release|Any CPU
		{7274227A-0A3C-497C-A5ED-3BDDF65D86B9}.Debug|Any CPU.ActiveCfg = Debug|Any CPU
		{7274227A-0A3C-497C-A5ED-3BDDF65D86B9}.Debug|Any CPU.Build.0 = Debug|Any CPU
		{7274227A-0A3C-497C-A5ED-3BDDF65D86B9}.Release|Any CPU.ActiveCfg = Release|Any CPU
		{7274227A-0A3C-497C-A5ED-3BDDF65D86B9}.Release|Any CPU.Build.0 = Release|Any CPU
		{8BB5E5F8-F466-4CFA-8FF9-B8D035E7F067}.Debug|Any CPU.ActiveCfg = Debug|Any CPU
		{8BB5E5F8-F466-4CFA-8FF9-B8D035E7F067}.Debug|Any CPU.Build.0 = Debug|Any CPU
		{8BB5E5F8-F466-4CFA-8FF9-B8D035E7F067}.Release|Any CPU.ActiveCfg = Release|Any CPU
		{8BB5E5F8-F466-4CFA-8FF9-B8D035E7F067}.Release|Any CPU.Build.0 = Release|Any CPU
		{2DF95D3F-3E2E-45AD-A661-F735B9CAD6A7}.Debug|Any CPU.ActiveCfg = Debug|Any CPU
		{2DF95D3F-3E2E-45AD-A661-F735B9CAD6A7}.Debug|Any CPU.Build.0 = Debug|Any CPU
		{2DF95D3F-3E2E-45AD-A661-F735B9CAD6A7}.Release|Any CPU.ActiveCfg = Release|Any CPU
		{2DF95D3F-3E2E-45AD-A661-F735B9CAD6A7}.Release|Any CPU.Build.0 = Release|Any CPU
		{D5D4EDD9-95D3-476E-811F-3F61B1B23C2F}.Debug|Any CPU.ActiveCfg = Debug|Any CPU
		{D5D4EDD9-95D3-476E-811F-3F61B1B23C2F}.Debug|Any CPU.Build.0 = Debug|Any CPU
		{D5D4EDD9-95D3-476E-811F-3F61B1B23C2F}.Release|Any CPU.ActiveCfg = Release|Any CPU
		{D5D4EDD9-95D3-476E-811F-3F61B1B23C2F}.Release|Any CPU.Build.0 = Release|Any CPU
		{70BF9F39-E97D-447F-B2ED-704DCE5322B6}.Debug|Any CPU.ActiveCfg = Debug|Any CPU
		{70BF9F39-E97D-447F-B2ED-704DCE5322B6}.Debug|Any CPU.Build.0 = Debug|Any CPU
		{70BF9F39-E97D-447F-B2ED-704DCE5322B6}.Release|Any CPU.ActiveCfg = Release|Any CPU
		{70BF9F39-E97D-447F-B2ED-704DCE5322B6}.Release|Any CPU.Build.0 = Release|Any CPU
		{BDE70D83-864C-450D-8825-63161118EECC}.Debug|Any CPU.ActiveCfg = Debug|Any CPU
		{BDE70D83-864C-450D-8825-63161118EECC}.Debug|Any CPU.Build.0 = Debug|Any CPU
		{BDE70D83-864C-450D-8825-63161118EECC}.Release|Any CPU.ActiveCfg = Release|Any CPU
		{BDE70D83-864C-450D-8825-63161118EECC}.Release|Any CPU.Build.0 = Release|Any CPU
		{8E5C4B07-6475-424A-8BCB-412839BBDF8A}.Debug|Any CPU.ActiveCfg = Debug|Any CPU
		{8E5C4B07-6475-424A-8BCB-412839BBDF8A}.Debug|Any CPU.Build.0 = Debug|Any CPU
		{8E5C4B07-6475-424A-8BCB-412839BBDF8A}.Release|Any CPU.ActiveCfg = Release|Any CPU
		{8E5C4B07-6475-424A-8BCB-412839BBDF8A}.Release|Any CPU.Build.0 = Release|Any CPU
		{3BD2D9C7-A25A-4A0F-81C7-815E7EE0AA61}.Debug|Any CPU.ActiveCfg = Debug|Any CPU
		{3BD2D9C7-A25A-4A0F-81C7-815E7EE0AA61}.Debug|Any CPU.Build.0 = Debug|Any CPU
		{3BD2D9C7-A25A-4A0F-81C7-815E7EE0AA61}.Release|Any CPU.ActiveCfg = Release|Any CPU
		{3BD2D9C7-A25A-4A0F-81C7-815E7EE0AA61}.Release|Any CPU.Build.0 = Release|Any CPU
		{575ABB63-4F80-4B69-A931-6E97034FFE70}.Debug|Any CPU.ActiveCfg = Debug|Any CPU
		{575ABB63-4F80-4B69-A931-6E97034FFE70}.Debug|Any CPU.Build.0 = Debug|Any CPU
		{575ABB63-4F80-4B69-A931-6E97034FFE70}.Release|Any CPU.ActiveCfg = Release|Any CPU
		{575ABB63-4F80-4B69-A931-6E97034FFE70}.Release|Any CPU.Build.0 = Release|Any CPU
		{CB26D484-4B9E-4F89-B660-9A72A16B202A}.Debug|Any CPU.ActiveCfg = Debug|Any CPU
		{CB26D484-4B9E-4F89-B660-9A72A16B202A}.Debug|Any CPU.Build.0 = Debug|Any CPU
		{CB26D484-4B9E-4F89-B660-9A72A16B202A}.Release|Any CPU.ActiveCfg = Release|Any CPU
		{CB26D484-4B9E-4F89-B660-9A72A16B202A}.Release|Any CPU.Build.0 = Release|Any CPU
		{4750FAD6-E4E4-4AED-A9D1-4F02C2D4ED50}.Debug|Any CPU.ActiveCfg = Debug|Any CPU
		{4750FAD6-E4E4-4AED-A9D1-4F02C2D4ED50}.Debug|Any CPU.Build.0 = Debug|Any CPU
		{4750FAD6-E4E4-4AED-A9D1-4F02C2D4ED50}.Debug|Any CPU.Deploy.0 = Debug|Any CPU
		{4750FAD6-E4E4-4AED-A9D1-4F02C2D4ED50}.Release|Any CPU.ActiveCfg = Release|Any CPU
		{4750FAD6-E4E4-4AED-A9D1-4F02C2D4ED50}.Release|Any CPU.Build.0 = Release|Any CPU
		{4750FAD6-E4E4-4AED-A9D1-4F02C2D4ED50}.Release|Any CPU.Deploy.0 = Release|Any CPU
	EndGlobalSection
	GlobalSection(SolutionProperties) = preSolution
		HideSolutionNode = FALSE
	EndGlobalSection
	GlobalSection(NestedProjects) = preSolution
		{BDDAE76D-BC53-4BEB-9B5C-A77830CC3A66} = {E79137DC-9E57-4B4D-AF15-20040AE4DA5D}
		{11EF87A9-FF2A-40BC-A050-B267E8FFA31A} = {D4891A9B-D61B-4F41-BFE2-3D2323203E1C}
		{62E4D861-B77F-42D3-B340-78230C852799} = {12A364EB-9356-4432-9D64-CA3C22131478}
		{7591A39E-BB5F-4ED8-86DF-93375768E2D9} = {12A364EB-9356-4432-9D64-CA3C22131478}
		{F6587420-F9A5-4EAE-9052-3AEDAB16F45C} = {D4891A9B-D61B-4F41-BFE2-3D2323203E1C}
		{9E40F707-DF15-4610-824C-C70C9CBC6FDF} = {2A6CAD55-4CE6-4124-9AB2-C9619B8B03CE}
		{01F594A9-E72F-4842-A065-C5536662355B} = {2A6CAD55-4CE6-4124-9AB2-C9619B8B03CE}
		{2A6CAD55-4CE6-4124-9AB2-C9619B8B03CE} = {D966E3FA-D84B-4D5D-B153-D5A0B79CEBC3}
		{B7532E4A-8C14-4827-A850-85DA77DBC773} = {2A6CAD55-4CE6-4124-9AB2-C9619B8B03CE}
		{0E1C72F8-F044-424B-8107-9AADE39D604C} = {B7532E4A-8C14-4827-A850-85DA77DBC773}
		{71BB52B2-DFEB-46C7-AE2B-5C3501180CAF} = {B7532E4A-8C14-4827-A850-85DA77DBC773}
		{BAD04E4E-7333-48AA-9D8E-92E1544BB96D} = {B7532E4A-8C14-4827-A850-85DA77DBC773}
		{9E832CD1-A073-4CEC-8202-A7F86E94869E} = {B7532E4A-8C14-4827-A850-85DA77DBC773}
		{BBF6FA8B-C5D5-4693-87C2-ECDBA08ED3B8} = {B7532E4A-8C14-4827-A850-85DA77DBC773}
		{64EF688B-E74A-4EC5-8150-4DA56D8AB9FD} = {B7532E4A-8C14-4827-A850-85DA77DBC773}
		{D89F888B-0971-4F1D-A296-B119BF73BBE0} = {B7532E4A-8C14-4827-A850-85DA77DBC773}
		{7274227A-0A3C-497C-A5ED-3BDDF65D86B9} = {B7532E4A-8C14-4827-A850-85DA77DBC773}
		{8BB5E5F8-F466-4CFA-8FF9-B8D035E7F067} = {B7532E4A-8C14-4827-A850-85DA77DBC773}
		{2DF95D3F-3E2E-45AD-A661-F735B9CAD6A7} = {B7532E4A-8C14-4827-A850-85DA77DBC773}
		{D5D4EDD9-95D3-476E-811F-3F61B1B23C2F} = {B7532E4A-8C14-4827-A850-85DA77DBC773}
		{70BF9F39-E97D-447F-B2ED-704DCE5322B6} = {B7532E4A-8C14-4827-A850-85DA77DBC773}
		{BDE70D83-864C-450D-8825-63161118EECC} = {B7532E4A-8C14-4827-A850-85DA77DBC773}
		{8E5C4B07-6475-424A-8BCB-412839BBDF8A} = {B7532E4A-8C14-4827-A850-85DA77DBC773}
		{3BD2D9C7-A25A-4A0F-81C7-815E7EE0AA61} = {B7532E4A-8C14-4827-A850-85DA77DBC773}
		{575ABB63-4F80-4B69-A931-6E97034FFE70} = {B7532E4A-8C14-4827-A850-85DA77DBC773}
		{CB26D484-4B9E-4F89-B660-9A72A16B202A} = {D4891A9B-D61B-4F41-BFE2-3D2323203E1C}
		{4750FAD6-E4E4-4AED-A9D1-4F02C2D4ED50} = {D4891A9B-D61B-4F41-BFE2-3D2323203E1C}
	EndGlobalSection
	GlobalSection(ExtensibilityGlobals) = postSolution
		SolutionGuid = {6F39F8A9-D306-4751-B5C7-385BB668B8B0}
	EndGlobalSection
EndGlobal
