
Microsoft Visual Studio Solution File, Format Version 12.00
# Visual Studio Version 17
VisualStudioVersion = 17.0.31903.59
MinimumVisualStudioVersion = 10.0.40219.1
Project("{2150E333-8FDC-42A3-9474-1A3956D46DE8}") = "00. docs", "00. docs", "{C5D07BAA-9B0C-4DBD-A39A-6043C34F1443}"
	ProjectSection(SolutionItems) = preProject
		..\docs\STRUCTURE.md = ..\docs\STRUCTURE.md
	EndProjectSection
EndProject
Project("{2150E333-8FDC-42A3-9474-1A3956D46DE8}") = "10. packages", "10. packages", "{D742CF15-98B2-4095-B749-589A7ED4EFD1}"
EndProject
Project("{9A19103F-16F7-4668-BE54-9A1E7A4F7556}") = "Raggle.Abstractions", "Raggle.Abstractions\Raggle.Abstractions.csproj", "{C61CABAC-C872-4DBD-8EA7-D0FFAEC17C44}"
EndProject
Project("{9A19103F-16F7-4668-BE54-9A1E7A4F7556}") = "Raggle.Core", "Raggle.Core\Raggle.Core.csproj", "{A07FB497-F1A3-4994-93FD-74BB00EC545D}"
EndProject
Project("{2150E333-8FDC-42A3-9474-1A3956D46DE8}") = "20. services", "20. services", "{E18AE202-A7EC-4D60-8192-977A07E98F69}"
EndProject
Project("{2150E333-8FDC-42A3-9474-1A3956D46DE8}") = "30. tests", "30. tests", "{F155139A-63C7-4D1B-B72E-FBE11CF514BB}"
EndProject
Project("{9A19103F-16F7-4668-BE54-9A1E7A4F7556}") = "Raggle.ConsoleTests", "Raggle.ConsoleTests\Raggle.ConsoleTests.csproj", "{1B2EE32D-7CD6-438A-99B5-687799A80FD0}"
EndProject
Project("{2150E333-8FDC-42A3-9474-1A3956D46DE8}") = "Helpers", "Helpers", "{CE6D91EF-6D07-4885-8095-E252FB856CA2}"
EndProject
Project("{2150E333-8FDC-42A3-9474-1A3956D46DE8}") = "Engines", "Engines", "{BA247DA3-3956-469A-BE72-2F201561404B}"
EndProject
Project("{9A19103F-16F7-4668-BE54-9A1E7A4F7556}") = "Raggle.Command", "..\services\Raggle.Command\Raggle.Command.csproj", "{2703126E-0081-4B33-AFF3-E60BEC927AE3}"
EndProject
Project("{9A19103F-16F7-4668-BE54-9A1E7A4F7556}") = "Raggle.Helpers.HuggingFace", "Raggle.Helpers.HuggingFace\Raggle.Helpers.HuggingFace.csproj", "{85F37D6B-ED28-409A-8207-35B9BB6CD3DE}"
EndProject
Project("{9A19103F-16F7-4668-BE54-9A1E7A4F7556}") = "Raggle.Engines.OpenAI", "Raggle.Engines.OpenAI\Raggle.Engines.OpenAI.csproj", "{20B84C5A-F316-4876-8AD2-ACF24A703078}"
EndProject
Project("{9A19103F-16F7-4668-BE54-9A1E7A4F7556}") = "Raggle.Engines.Anthropic", "Raggle.Engines.Anthropic\Raggle.Engines.Anthropic.csproj", "{C043A36D-C6EE-40C9-8470-90F05E670239}"
EndProject
Project("{9A19103F-16F7-4668-BE54-9A1E7A4F7556}") = "Raggle.Engines.LLamaSharp", "Raggle.Engines.LLamaSharp\Raggle.Engines.LLamaSharp.csproj", "{0B5AD422-6EC0-4369-99CC-E5DADA62D267}"
EndProject
Project("{2150E333-8FDC-42A3-9474-1A3956D46DE8}") = "Memory", "Memory", "{0E0B40CA-1316-4A75-89E7-41DF7B8D2BE0}"
EndProject
Project("{9A19103F-16F7-4668-BE54-9A1E7A4F7556}") = "Raggle.Server", "..\services\Raggle.Server\Raggle.Server.csproj", "{8A132106-2ADB-4D03-A276-566C42EB2EB3}"
EndProject
Project("{9A19103F-16F7-4668-BE54-9A1E7A4F7556}") = "Raggle.Queue.Disk", "Raggle.Queue.Disk\Raggle.Queue.Disk.csproj", "{52078769-EFF2-4E50-9ED4-370BEB543B76}"
EndProject
Project("{2150E333-8FDC-42A3-9474-1A3956D46DE8}") = "Queue", "Queue", "{A3CF2CAC-078A-4449-A07B-F78611BBAB1B}"
EndProject
Project("{9A19103F-16F7-4668-BE54-9A1E7A4F7556}") = "Raggle.Document.Disk", "Raggle.Document.Disk\Raggle.Document.Disk.csproj", "{469DF62C-A808-46AC-88CC-EA2E6838742F}"
EndProject
Project("{9A19103F-16F7-4668-BE54-9A1E7A4F7556}") = "Raggle.Document.Azure", "Raggle.Document.Azure\Raggle.Document.Azure.csproj", "{AF926AD8-32B6-4628-B6F5-C68B14ED4793}"
EndProject
Project("{9A19103F-16F7-4668-BE54-9A1E7A4F7556}") = "Raggle.Vector.LiteDB", "Raggle.Vector.LiteDB\Raggle.Vector.LiteDB.csproj", "{58CC6309-CC10-48AC-8B85-AC7A306AA911}"
EndProject
Project("{FAE04EC0-301F-11D3-BF4B-00C04F79EFBC}") = "Raggle.Vector.Qdrant", "Raggle.Vector.Qdrant\Raggle.Vector.Qdrant.csproj", "{E71EE001-9DB4-48CF-A003-C99A261BCD64}"
EndProject
Global
	GlobalSection(SolutionConfigurationPlatforms) = preSolution
		Debug|Any CPU = Debug|Any CPU
		Release|Any CPU = Release|Any CPU
	EndGlobalSection
	GlobalSection(ProjectConfigurationPlatforms) = postSolution
		{C61CABAC-C872-4DBD-8EA7-D0FFAEC17C44}.Debug|Any CPU.ActiveCfg = Debug|Any CPU
		{C61CABAC-C872-4DBD-8EA7-D0FFAEC17C44}.Debug|Any CPU.Build.0 = Debug|Any CPU
		{C61CABAC-C872-4DBD-8EA7-D0FFAEC17C44}.Release|Any CPU.ActiveCfg = Release|Any CPU
		{C61CABAC-C872-4DBD-8EA7-D0FFAEC17C44}.Release|Any CPU.Build.0 = Release|Any CPU
		{A07FB497-F1A3-4994-93FD-74BB00EC545D}.Debug|Any CPU.ActiveCfg = Debug|Any CPU
		{A07FB497-F1A3-4994-93FD-74BB00EC545D}.Debug|Any CPU.Build.0 = Debug|Any CPU
		{A07FB497-F1A3-4994-93FD-74BB00EC545D}.Release|Any CPU.ActiveCfg = Release|Any CPU
		{A07FB497-F1A3-4994-93FD-74BB00EC545D}.Release|Any CPU.Build.0 = Release|Any CPU
		{1B2EE32D-7CD6-438A-99B5-687799A80FD0}.Debug|Any CPU.ActiveCfg = Debug|Any CPU
		{1B2EE32D-7CD6-438A-99B5-687799A80FD0}.Debug|Any CPU.Build.0 = Debug|Any CPU
		{1B2EE32D-7CD6-438A-99B5-687799A80FD0}.Release|Any CPU.ActiveCfg = Release|Any CPU
		{1B2EE32D-7CD6-438A-99B5-687799A80FD0}.Release|Any CPU.Build.0 = Release|Any CPU
		{2703126E-0081-4B33-AFF3-E60BEC927AE3}.Debug|Any CPU.ActiveCfg = Debug|Any CPU
		{2703126E-0081-4B33-AFF3-E60BEC927AE3}.Debug|Any CPU.Build.0 = Debug|Any CPU
		{2703126E-0081-4B33-AFF3-E60BEC927AE3}.Release|Any CPU.ActiveCfg = Release|Any CPU
		{2703126E-0081-4B33-AFF3-E60BEC927AE3}.Release|Any CPU.Build.0 = Release|Any CPU
		{85F37D6B-ED28-409A-8207-35B9BB6CD3DE}.Debug|Any CPU.ActiveCfg = Debug|Any CPU
		{85F37D6B-ED28-409A-8207-35B9BB6CD3DE}.Debug|Any CPU.Build.0 = Debug|Any CPU
		{85F37D6B-ED28-409A-8207-35B9BB6CD3DE}.Release|Any CPU.ActiveCfg = Release|Any CPU
		{85F37D6B-ED28-409A-8207-35B9BB6CD3DE}.Release|Any CPU.Build.0 = Release|Any CPU
		{20B84C5A-F316-4876-8AD2-ACF24A703078}.Debug|Any CPU.ActiveCfg = Debug|Any CPU
		{20B84C5A-F316-4876-8AD2-ACF24A703078}.Debug|Any CPU.Build.0 = Debug|Any CPU
		{20B84C5A-F316-4876-8AD2-ACF24A703078}.Release|Any CPU.ActiveCfg = Release|Any CPU
		{20B84C5A-F316-4876-8AD2-ACF24A703078}.Release|Any CPU.Build.0 = Release|Any CPU
		{C043A36D-C6EE-40C9-8470-90F05E670239}.Debug|Any CPU.ActiveCfg = Debug|Any CPU
		{C043A36D-C6EE-40C9-8470-90F05E670239}.Debug|Any CPU.Build.0 = Debug|Any CPU
		{C043A36D-C6EE-40C9-8470-90F05E670239}.Release|Any CPU.ActiveCfg = Release|Any CPU
		{C043A36D-C6EE-40C9-8470-90F05E670239}.Release|Any CPU.Build.0 = Release|Any CPU
		{0B5AD422-6EC0-4369-99CC-E5DADA62D267}.Debug|Any CPU.ActiveCfg = Debug|Any CPU
		{0B5AD422-6EC0-4369-99CC-E5DADA62D267}.Debug|Any CPU.Build.0 = Debug|Any CPU
		{0B5AD422-6EC0-4369-99CC-E5DADA62D267}.Release|Any CPU.ActiveCfg = Release|Any CPU
		{0B5AD422-6EC0-4369-99CC-E5DADA62D267}.Release|Any CPU.Build.0 = Release|Any CPU
		{8A132106-2ADB-4D03-A276-566C42EB2EB3}.Debug|Any CPU.ActiveCfg = Debug|Any CPU
		{8A132106-2ADB-4D03-A276-566C42EB2EB3}.Debug|Any CPU.Build.0 = Debug|Any CPU
		{8A132106-2ADB-4D03-A276-566C42EB2EB3}.Release|Any CPU.ActiveCfg = Release|Any CPU
		{8A132106-2ADB-4D03-A276-566C42EB2EB3}.Release|Any CPU.Build.0 = Release|Any CPU
		{52078769-EFF2-4E50-9ED4-370BEB543B76}.Debug|Any CPU.ActiveCfg = Debug|Any CPU
		{52078769-EFF2-4E50-9ED4-370BEB543B76}.Debug|Any CPU.Build.0 = Debug|Any CPU
		{52078769-EFF2-4E50-9ED4-370BEB543B76}.Release|Any CPU.ActiveCfg = Release|Any CPU
		{52078769-EFF2-4E50-9ED4-370BEB543B76}.Release|Any CPU.Build.0 = Release|Any CPU
		{469DF62C-A808-46AC-88CC-EA2E6838742F}.Debug|Any CPU.ActiveCfg = Debug|Any CPU
		{469DF62C-A808-46AC-88CC-EA2E6838742F}.Debug|Any CPU.Build.0 = Debug|Any CPU
		{469DF62C-A808-46AC-88CC-EA2E6838742F}.Release|Any CPU.ActiveCfg = Release|Any CPU
		{469DF62C-A808-46AC-88CC-EA2E6838742F}.Release|Any CPU.Build.0 = Release|Any CPU
		{AF926AD8-32B6-4628-B6F5-C68B14ED4793}.Debug|Any CPU.ActiveCfg = Debug|Any CPU
		{AF926AD8-32B6-4628-B6F5-C68B14ED4793}.Debug|Any CPU.Build.0 = Debug|Any CPU
		{AF926AD8-32B6-4628-B6F5-C68B14ED4793}.Release|Any CPU.ActiveCfg = Release|Any CPU
		{AF926AD8-32B6-4628-B6F5-C68B14ED4793}.Release|Any CPU.Build.0 = Release|Any CPU
		{58CC6309-CC10-48AC-8B85-AC7A306AA911}.Debug|Any CPU.ActiveCfg = Debug|Any CPU
		{58CC6309-CC10-48AC-8B85-AC7A306AA911}.Debug|Any CPU.Build.0 = Debug|Any CPU
		{58CC6309-CC10-48AC-8B85-AC7A306AA911}.Release|Any CPU.ActiveCfg = Release|Any CPU
		{58CC6309-CC10-48AC-8B85-AC7A306AA911}.Release|Any CPU.Build.0 = Release|Any CPU
		{E71EE001-9DB4-48CF-A003-C99A261BCD64}.Debug|Any CPU.ActiveCfg = Debug|Any CPU
		{E71EE001-9DB4-48CF-A003-C99A261BCD64}.Debug|Any CPU.Build.0 = Debug|Any CPU
		{E71EE001-9DB4-48CF-A003-C99A261BCD64}.Release|Any CPU.ActiveCfg = Release|Any CPU
		{E71EE001-9DB4-48CF-A003-C99A261BCD64}.Release|Any CPU.Build.0 = Release|Any CPU
	EndGlobalSection
	GlobalSection(SolutionProperties) = preSolution
		HideSolutionNode = FALSE
	EndGlobalSection
	GlobalSection(NestedProjects) = preSolution
		{C61CABAC-C872-4DBD-8EA7-D0FFAEC17C44} = {D742CF15-98B2-4095-B749-589A7ED4EFD1}
		{A07FB497-F1A3-4994-93FD-74BB00EC545D} = {D742CF15-98B2-4095-B749-589A7ED4EFD1}
		{1B2EE32D-7CD6-438A-99B5-687799A80FD0} = {F155139A-63C7-4D1B-B72E-FBE11CF514BB}
		{CE6D91EF-6D07-4885-8095-E252FB856CA2} = {D742CF15-98B2-4095-B749-589A7ED4EFD1}
		{BA247DA3-3956-469A-BE72-2F201561404B} = {D742CF15-98B2-4095-B749-589A7ED4EFD1}
		{2703126E-0081-4B33-AFF3-E60BEC927AE3} = {E18AE202-A7EC-4D60-8192-977A07E98F69}
		{85F37D6B-ED28-409A-8207-35B9BB6CD3DE} = {CE6D91EF-6D07-4885-8095-E252FB856CA2}
		{20B84C5A-F316-4876-8AD2-ACF24A703078} = {BA247DA3-3956-469A-BE72-2F201561404B}
		{C043A36D-C6EE-40C9-8470-90F05E670239} = {BA247DA3-3956-469A-BE72-2F201561404B}
		{0B5AD422-6EC0-4369-99CC-E5DADA62D267} = {BA247DA3-3956-469A-BE72-2F201561404B}
		{0E0B40CA-1316-4A75-89E7-41DF7B8D2BE0} = {D742CF15-98B2-4095-B749-589A7ED4EFD1}
		{8A132106-2ADB-4D03-A276-566C42EB2EB3} = {E18AE202-A7EC-4D60-8192-977A07E98F69}
		{52078769-EFF2-4E50-9ED4-370BEB543B76} = {A3CF2CAC-078A-4449-A07B-F78611BBAB1B}
		{A3CF2CAC-078A-4449-A07B-F78611BBAB1B} = {D742CF15-98B2-4095-B749-589A7ED4EFD1}
		{469DF62C-A808-46AC-88CC-EA2E6838742F} = {0E0B40CA-1316-4A75-89E7-41DF7B8D2BE0}
		{AF926AD8-32B6-4628-B6F5-C68B14ED4793} = {0E0B40CA-1316-4A75-89E7-41DF7B8D2BE0}
		{58CC6309-CC10-48AC-8B85-AC7A306AA911} = {0E0B40CA-1316-4A75-89E7-41DF7B8D2BE0}
		{E71EE001-9DB4-48CF-A003-C99A261BCD64} = {0E0B40CA-1316-4A75-89E7-41DF7B8D2BE0}
	EndGlobalSection
	GlobalSection(ExtensibilityGlobals) = postSolution
		SolutionGuid = {D53D41CC-8B85-4816-A6CC-C1161061E791}
	EndGlobalSection
EndGlobal
