
Microsoft Visual Studio Solution File, Format Version 12.00
# Visual Studio Version 17
VisualStudioVersion = 17.0.31903.59
MinimumVisualStudioVersion = 10.0.40219.1
Project("{2150E333-8FDC-42A3-9474-1A3956D46DE8}") = "00. docs", "00. docs", "{C5D07BAA-9B0C-4DBD-A39A-6043C34F1443}"
	ProjectSection(SolutionItems) = preProject
		..\docs\STRUCTURE.md = ..\docs\STRUCTURE.md
		..\docs\TODO.md = ..\docs\TODO.md
	EndProjectSection
EndProject
Project("{2150E333-8FDC-42A3-9474-1A3956D46DE8}") = "20. src", "20. src", "{D742CF15-98B2-4095-B749-589A7ED4EFD1}"
EndProject
Project("{9A19103F-16F7-4668-BE54-9A1E7A4F7556}") = "Raggle.Abstractions", "Raggle.Abstractions\Raggle.Abstractions.csproj", "{C61CABAC-C872-4DBD-8EA7-D0FFAEC17C44}"
EndProject
Project("{9A19103F-16F7-4668-BE54-9A1E7A4F7556}") = "Raggle.Core", "Raggle.Core\Raggle.Core.csproj", "{A07FB497-F1A3-4994-93FD-74BB00EC545D}"
EndProject
Project("{2150E333-8FDC-42A3-9474-1A3956D46DE8}") = "AI", "AI", "{BA247DA3-3956-469A-BE72-2F201561404B}"
EndProject
Project("{2150E333-8FDC-42A3-9474-1A3956D46DE8}") = "Memory", "Memory", "{0E0B40CA-1316-4A75-89E7-41DF7B8D2BE0}"
EndProject
Project("{2150E333-8FDC-42A3-9474-1A3956D46DE8}") = "10. example", "10. example", "{70A6A95C-4F72-4D68-939B-3D84520F48A2}"
EndProject
Project("{9A19103F-16F7-4668-BE54-9A1E7A4F7556}") = "ConsoleTest", "..\example\ConsoleTest\ConsoleTest.csproj", "{9A0EFE3E-C181-4E09-9CEE-6C4B45A3C907}"
EndProject
Project("{9A19103F-16F7-4668-BE54-9A1E7A4F7556}") = "Raggle.Server.WebApi", "..\example\Raggle.Server.WebApi\Raggle.Server.WebApi.csproj", "{8A05B1DE-1608-4F2A-AB6A-E459DF362D3B}"
EndProject
Project("{9A19103F-16F7-4668-BE54-9A1E7A4F7556}") = "Raggle.Server", "Raggle.Server\Raggle.Server.csproj", "{14F82B98-4BE7-437E-A3A1-B8A579DFB829}"
EndProject
Project("{FAE04EC0-301F-11D3-BF4B-00C04F79EFBC}") = "Raggle.Connectors.AzureBlob", "Raggle.Connectors.AzureBlob\Raggle.Connectors.AzureBlob.csproj", "{1FD13473-D714-46C3-88A0-802F860C0B7D}"
EndProject
Project("{FAE04EC0-301F-11D3-BF4B-00C04F79EFBC}") = "Raggle.Connectors.LiteDB", "Raggle.Connectors.LiteDB\Raggle.Connectors.LiteDB.csproj", "{C84D36DA-8F38-4A8D-BFBC-9B5FAD2D9024}"
EndProject
Project("{FAE04EC0-301F-11D3-BF4B-00C04F79EFBC}") = "Raggle.Connectors.LocalDisk", "Raggle.Connectors.LocalDisk\Raggle.Connectors.LocalDisk.csproj", "{016DD8E2-11C9-4386-9BD2-30EF18DDD0D1}"
EndProject
Project("{FAE04EC0-301F-11D3-BF4B-00C04F79EFBC}") = "Raggle.Connectors.Qdrant", "Raggle.Connectors.Qdrant\Raggle.Connectors.Qdrant.csproj", "{13CAF704-4FAC-4A65-BD92-7E11D5F2DD6E}"
EndProject
Project("{FAE04EC0-301F-11D3-BF4B-00C04F79EFBC}") = "Raggle.Connectors.Anthropic", "Raggle.Connectors.Anthropic\Raggle.Connectors.Anthropic.csproj", "{3B6DEA01-8D26-4E24-9DC9-AB0A5464D594}"
EndProject
Project("{FAE04EC0-301F-11D3-BF4B-00C04F79EFBC}") = "Raggle.Connectors.Ollama", "Raggle.Connectors.Ollama\Raggle.Connectors.Ollama.csproj", "{93924307-A466-44A0-AFEC-0366D0FCF75C}"
EndProject
Project("{FAE04EC0-301F-11D3-BF4B-00C04F79EFBC}") = "Raggle.Connectors.OpenAI", "Raggle.Connectors.OpenAI\Raggle.Connectors.OpenAI.csproj", "{09FF0960-DEE9-496C-927A-E4C0EA53C60F}"
EndProject
Global
	GlobalSection(SolutionConfigurationPlatforms) = preSolution
		Debug|Any CPU = Debug|Any CPU
		Release|Any CPU = Release|Any CPU
	EndGlobalSection
	GlobalSection(ProjectConfigurationPlatforms) = postSolution
		{C61CABAC-C872-4DBD-8EA7-D0FFAEC17C44}.Debug|Any CPU.ActiveCfg = Debug|Any CPU
		{C61CABAC-C872-4DBD-8EA7-D0FFAEC17C44}.Debug|Any CPU.Build.0 = Debug|Any CPU
		{C61CABAC-C872-4DBD-8EA7-D0FFAEC17C44}.Release|Any CPU.ActiveCfg = Release|Any CPU
		{C61CABAC-C872-4DBD-8EA7-D0FFAEC17C44}.Release|Any CPU.Build.0 = Release|Any CPU
		{A07FB497-F1A3-4994-93FD-74BB00EC545D}.Debug|Any CPU.ActiveCfg = Debug|Any CPU
		{A07FB497-F1A3-4994-93FD-74BB00EC545D}.Debug|Any CPU.Build.0 = Debug|Any CPU
		{A07FB497-F1A3-4994-93FD-74BB00EC545D}.Release|Any CPU.ActiveCfg = Release|Any CPU
		{A07FB497-F1A3-4994-93FD-74BB00EC545D}.Release|Any CPU.Build.0 = Release|Any CPU
		{9A0EFE3E-C181-4E09-9CEE-6C4B45A3C907}.Debug|Any CPU.ActiveCfg = Debug|Any CPU
		{9A0EFE3E-C181-4E09-9CEE-6C4B45A3C907}.Debug|Any CPU.Build.0 = Debug|Any CPU
		{9A0EFE3E-C181-4E09-9CEE-6C4B45A3C907}.Release|Any CPU.ActiveCfg = Release|Any CPU
		{9A0EFE3E-C181-4E09-9CEE-6C4B45A3C907}.Release|Any CPU.Build.0 = Release|Any CPU
		{8A05B1DE-1608-4F2A-AB6A-E459DF362D3B}.Debug|Any CPU.ActiveCfg = Debug|Any CPU
		{8A05B1DE-1608-4F2A-AB6A-E459DF362D3B}.Debug|Any CPU.Build.0 = Debug|Any CPU
		{8A05B1DE-1608-4F2A-AB6A-E459DF362D3B}.Release|Any CPU.ActiveCfg = Release|Any CPU
		{8A05B1DE-1608-4F2A-AB6A-E459DF362D3B}.Release|Any CPU.Build.0 = Release|Any CPU
		{14F82B98-4BE7-437E-A3A1-B8A579DFB829}.Debug|Any CPU.ActiveCfg = Debug|Any CPU
		{14F82B98-4BE7-437E-A3A1-B8A579DFB829}.Debug|Any CPU.Build.0 = Debug|Any CPU
		{14F82B98-4BE7-437E-A3A1-B8A579DFB829}.Release|Any CPU.ActiveCfg = Release|Any CPU
		{14F82B98-4BE7-437E-A3A1-B8A579DFB829}.Release|Any CPU.Build.0 = Release|Any CPU
		{1FD13473-D714-46C3-88A0-802F860C0B7D}.Debug|Any CPU.ActiveCfg = Debug|Any CPU
		{1FD13473-D714-46C3-88A0-802F860C0B7D}.Debug|Any CPU.Build.0 = Debug|Any CPU
		{1FD13473-D714-46C3-88A0-802F860C0B7D}.Release|Any CPU.ActiveCfg = Release|Any CPU
		{1FD13473-D714-46C3-88A0-802F860C0B7D}.Release|Any CPU.Build.0 = Release|Any CPU
		{C84D36DA-8F38-4A8D-BFBC-9B5FAD2D9024}.Debug|Any CPU.ActiveCfg = Debug|Any CPU
		{C84D36DA-8F38-4A8D-BFBC-9B5FAD2D9024}.Debug|Any CPU.Build.0 = Debug|Any CPU
		{C84D36DA-8F38-4A8D-BFBC-9B5FAD2D9024}.Release|Any CPU.ActiveCfg = Release|Any CPU
		{C84D36DA-8F38-4A8D-BFBC-9B5FAD2D9024}.Release|Any CPU.Build.0 = Release|Any CPU
		{016DD8E2-11C9-4386-9BD2-30EF18DDD0D1}.Debug|Any CPU.ActiveCfg = Debug|Any CPU
		{016DD8E2-11C9-4386-9BD2-30EF18DDD0D1}.Debug|Any CPU.Build.0 = Debug|Any CPU
		{016DD8E2-11C9-4386-9BD2-30EF18DDD0D1}.Release|Any CPU.ActiveCfg = Release|Any CPU
		{016DD8E2-11C9-4386-9BD2-30EF18DDD0D1}.Release|Any CPU.Build.0 = Release|Any CPU
		{13CAF704-4FAC-4A65-BD92-7E11D5F2DD6E}.Debug|Any CPU.ActiveCfg = Debug|Any CPU
		{13CAF704-4FAC-4A65-BD92-7E11D5F2DD6E}.Debug|Any CPU.Build.0 = Debug|Any CPU
		{13CAF704-4FAC-4A65-BD92-7E11D5F2DD6E}.Release|Any CPU.ActiveCfg = Release|Any CPU
		{13CAF704-4FAC-4A65-BD92-7E11D5F2DD6E}.Release|Any CPU.Build.0 = Release|Any CPU
		{3B6DEA01-8D26-4E24-9DC9-AB0A5464D594}.Debug|Any CPU.ActiveCfg = Debug|Any CPU
		{3B6DEA01-8D26-4E24-9DC9-AB0A5464D594}.Debug|Any CPU.Build.0 = Debug|Any CPU
		{3B6DEA01-8D26-4E24-9DC9-AB0A5464D594}.Release|Any CPU.ActiveCfg = Release|Any CPU
		{3B6DEA01-8D26-4E24-9DC9-AB0A5464D594}.Release|Any CPU.Build.0 = Release|Any CPU
		{93924307-A466-44A0-AFEC-0366D0FCF75C}.Debug|Any CPU.ActiveCfg = Debug|Any CPU
		{93924307-A466-44A0-AFEC-0366D0FCF75C}.Debug|Any CPU.Build.0 = Debug|Any CPU
		{93924307-A466-44A0-AFEC-0366D0FCF75C}.Release|Any CPU.ActiveCfg = Release|Any CPU
		{93924307-A466-44A0-AFEC-0366D0FCF75C}.Release|Any CPU.Build.0 = Release|Any CPU
		{09FF0960-DEE9-496C-927A-E4C0EA53C60F}.Debug|Any CPU.ActiveCfg = Debug|Any CPU
		{09FF0960-DEE9-496C-927A-E4C0EA53C60F}.Debug|Any CPU.Build.0 = Debug|Any CPU
		{09FF0960-DEE9-496C-927A-E4C0EA53C60F}.Release|Any CPU.ActiveCfg = Release|Any CPU
		{09FF0960-DEE9-496C-927A-E4C0EA53C60F}.Release|Any CPU.Build.0 = Release|Any CPU
	EndGlobalSection
	GlobalSection(SolutionProperties) = preSolution
		HideSolutionNode = FALSE
	EndGlobalSection
	GlobalSection(NestedProjects) = preSolution
		{C61CABAC-C872-4DBD-8EA7-D0FFAEC17C44} = {D742CF15-98B2-4095-B749-589A7ED4EFD1}
		{A07FB497-F1A3-4994-93FD-74BB00EC545D} = {D742CF15-98B2-4095-B749-589A7ED4EFD1}
		{BA247DA3-3956-469A-BE72-2F201561404B} = {D742CF15-98B2-4095-B749-589A7ED4EFD1}
		{0E0B40CA-1316-4A75-89E7-41DF7B8D2BE0} = {D742CF15-98B2-4095-B749-589A7ED4EFD1}
		{9A0EFE3E-C181-4E09-9CEE-6C4B45A3C907} = {70A6A95C-4F72-4D68-939B-3D84520F48A2}
		{8A05B1DE-1608-4F2A-AB6A-E459DF362D3B} = {70A6A95C-4F72-4D68-939B-3D84520F48A2}
		{14F82B98-4BE7-437E-A3A1-B8A579DFB829} = {D742CF15-98B2-4095-B749-589A7ED4EFD1}
		{1FD13473-D714-46C3-88A0-802F860C0B7D} = {0E0B40CA-1316-4A75-89E7-41DF7B8D2BE0}
		{C84D36DA-8F38-4A8D-BFBC-9B5FAD2D9024} = {0E0B40CA-1316-4A75-89E7-41DF7B8D2BE0}
		{016DD8E2-11C9-4386-9BD2-30EF18DDD0D1} = {0E0B40CA-1316-4A75-89E7-41DF7B8D2BE0}
		{13CAF704-4FAC-4A65-BD92-7E11D5F2DD6E} = {0E0B40CA-1316-4A75-89E7-41DF7B8D2BE0}
		{3B6DEA01-8D26-4E24-9DC9-AB0A5464D594} = {BA247DA3-3956-469A-BE72-2F201561404B}
		{93924307-A466-44A0-AFEC-0366D0FCF75C} = {BA247DA3-3956-469A-BE72-2F201561404B}
		{09FF0960-DEE9-496C-927A-E4C0EA53C60F} = {BA247DA3-3956-469A-BE72-2F201561404B}
	EndGlobalSection
	GlobalSection(ExtensibilityGlobals) = postSolution
		SolutionGuid = {D53D41CC-8B85-4816-A6CC-C1161061E791}
	EndGlobalSection
EndGlobal
