
Microsoft Visual Studio Solution File, Format Version 12.00
# Visual Studio Version 17
VisualStudioVersion = 17.0.31903.59
MinimumVisualStudioVersion = 10.0.40219.1
Project("{2150E333-8FDC-42A3-9474-1A3956D46DE8}") = "00. docs", "00. docs", "{C5D07BAA-9B0C-4DBD-A39A-6043C34F1443}"
	ProjectSection(SolutionItems) = preProject
		..\docs\chunk_file.json = ..\docs\chunk_file.json
		..\docs\class_structure.yaml = ..\docs\class_structure.yaml
		..\docs\document_files.yaml = ..\docs\document_files.yaml
		..\docs\extract_file.json = ..\docs\extract_file.json
		..\docs\qa_pair_file.json = ..\docs\qa_pair_file.json
		..\docs\STRUCTURE.md = ..\docs\STRUCTURE.md
		..\docs\summarization_file.json = ..\docs\summarization_file.json
		..\docs\TODO.md = ..\docs\TODO.md
		..\docs\vector_point.json = ..\docs\vector_point.json
	EndProjectSection
EndProject
Project("{2150E333-8FDC-42A3-9474-1A3956D46DE8}") = "20. src", "20. src", "{D742CF15-98B2-4095-B749-589A7ED4EFD1}"
EndProject
Project("{9A19103F-16F7-4668-BE54-9A1E7A4F7556}") = "Raggle.Abstractions", "Raggle.Abstractions\Raggle.Abstractions.csproj", "{C61CABAC-C872-4DBD-8EA7-D0FFAEC17C44}"
EndProject
Project("{9A19103F-16F7-4668-BE54-9A1E7A4F7556}") = "Raggle.Core", "Raggle.Core\Raggle.Core.csproj", "{A07FB497-F1A3-4994-93FD-74BB00EC545D}"
EndProject
Project("{2150E333-8FDC-42A3-9474-1A3956D46DE8}") = "Helpers", "Helpers", "{CE6D91EF-6D07-4885-8095-E252FB856CA2}"
EndProject
Project("{2150E333-8FDC-42A3-9474-1A3956D46DE8}") = "AI", "AI", "{BA247DA3-3956-469A-BE72-2F201561404B}"
EndProject
Project("{9A19103F-16F7-4668-BE54-9A1E7A4F7556}") = "Raggle.Helpers.HuggingFace", "Raggle.Helpers.HuggingFace\Raggle.Helpers.HuggingFace.csproj", "{85F37D6B-ED28-409A-8207-35B9BB6CD3DE}"
EndProject
Project("{2150E333-8FDC-42A3-9474-1A3956D46DE8}") = "Memory", "Memory", "{0E0B40CA-1316-4A75-89E7-41DF7B8D2BE0}"
EndProject
Project("{2150E333-8FDC-42A3-9474-1A3956D46DE8}") = "10. example", "10. example", "{70A6A95C-4F72-4D68-939B-3D84520F48A2}"
EndProject
Project("{9A19103F-16F7-4668-BE54-9A1E7A4F7556}") = "ConsoleTest", "..\example\ConsoleTest\ConsoleTest.csproj", "{9A0EFE3E-C181-4E09-9CEE-6C4B45A3C907}"
EndProject
Project("{9A19103F-16F7-4668-BE54-9A1E7A4F7556}") = "Raggle.Server.WebApi", "..\example\Raggle.Server.WebApi\Raggle.Server.WebApi.csproj", "{8A05B1DE-1608-4F2A-AB6A-E459DF362D3B}"
EndProject
Project("{9A19103F-16F7-4668-BE54-9A1E7A4F7556}") = "Raggle.Driver.Anthropic", "Raggle.Driver.Anthropic\Raggle.Driver.Anthropic.csproj", "{D5F6DB72-A47F-4549-8648-7C402524096D}"
EndProject
Project("{9A19103F-16F7-4668-BE54-9A1E7A4F7556}") = "Raggle.Driver.Ollama", "Raggle.Driver.Ollama\Raggle.Driver.Ollama.csproj", "{5E2DAB1F-DC35-4BEA-BA51-FE63FCAD7EF1}"
EndProject
Project("{9A19103F-16F7-4668-BE54-9A1E7A4F7556}") = "Raggle.Driver.OpenAI", "Raggle.Driver.OpenAI\Raggle.Driver.OpenAI.csproj", "{F95222C9-3F83-47C4-A6DD-A82E27343B1D}"
EndProject
Project("{9A19103F-16F7-4668-BE54-9A1E7A4F7556}") = "Raggle.Driver.AzureBlob", "Raggle.Driver.AzureBlob\Raggle.Driver.AzureBlob.csproj", "{F384F364-60C1-4E3F-87FB-8518A29723CE}"
EndProject
Project("{9A19103F-16F7-4668-BE54-9A1E7A4F7556}") = "Raggle.Driver.LiteDB", "Raggle.Driver.LiteDB\Raggle.Driver.LiteDB.csproj", "{2CF95631-FD8C-483D-8737-7D7110EAFAFB}"
EndProject
Project("{9A19103F-16F7-4668-BE54-9A1E7A4F7556}") = "Raggle.Driver.LocalDisk", "Raggle.Driver.LocalDisk\Raggle.Driver.LocalDisk.csproj", "{2E636877-DAD9-4E9F-BDC6-11479A7AD9A9}"
EndProject
Project("{9A19103F-16F7-4668-BE54-9A1E7A4F7556}") = "Raggle.Driver.Qdrant", "Raggle.Driver.Qdrant\Raggle.Driver.Qdrant.csproj", "{E82FBE79-FDD8-42D4-ADEC-199F6F469142}"
EndProject
Project("{FAE04EC0-301F-11D3-BF4B-00C04F79EFBC}") = "Raggle.Server", "Raggle.Server\Raggle.Server.csproj", "{14F82B98-4BE7-437E-A3A1-B8A579DFB829}"
EndProject
Global
	GlobalSection(SolutionConfigurationPlatforms) = preSolution
		Debug|Any CPU = Debug|Any CPU
		Release|Any CPU = Release|Any CPU
	EndGlobalSection
	GlobalSection(ProjectConfigurationPlatforms) = postSolution
		{C61CABAC-C872-4DBD-8EA7-D0FFAEC17C44}.Debug|Any CPU.ActiveCfg = Debug|Any CPU
		{C61CABAC-C872-4DBD-8EA7-D0FFAEC17C44}.Debug|Any CPU.Build.0 = Debug|Any CPU
		{C61CABAC-C872-4DBD-8EA7-D0FFAEC17C44}.Release|Any CPU.ActiveCfg = Release|Any CPU
		{C61CABAC-C872-4DBD-8EA7-D0FFAEC17C44}.Release|Any CPU.Build.0 = Release|Any CPU
		{A07FB497-F1A3-4994-93FD-74BB00EC545D}.Debug|Any CPU.ActiveCfg = Debug|Any CPU
		{A07FB497-F1A3-4994-93FD-74BB00EC545D}.Debug|Any CPU.Build.0 = Debug|Any CPU
		{A07FB497-F1A3-4994-93FD-74BB00EC545D}.Release|Any CPU.ActiveCfg = Release|Any CPU
		{A07FB497-F1A3-4994-93FD-74BB00EC545D}.Release|Any CPU.Build.0 = Release|Any CPU
		{85F37D6B-ED28-409A-8207-35B9BB6CD3DE}.Debug|Any CPU.ActiveCfg = Debug|Any CPU
		{85F37D6B-ED28-409A-8207-35B9BB6CD3DE}.Debug|Any CPU.Build.0 = Debug|Any CPU
		{85F37D6B-ED28-409A-8207-35B9BB6CD3DE}.Release|Any CPU.ActiveCfg = Release|Any CPU
		{85F37D6B-ED28-409A-8207-35B9BB6CD3DE}.Release|Any CPU.Build.0 = Release|Any CPU
		{9A0EFE3E-C181-4E09-9CEE-6C4B45A3C907}.Debug|Any CPU.ActiveCfg = Debug|Any CPU
		{9A0EFE3E-C181-4E09-9CEE-6C4B45A3C907}.Debug|Any CPU.Build.0 = Debug|Any CPU
		{9A0EFE3E-C181-4E09-9CEE-6C4B45A3C907}.Release|Any CPU.ActiveCfg = Release|Any CPU
		{9A0EFE3E-C181-4E09-9CEE-6C4B45A3C907}.Release|Any CPU.Build.0 = Release|Any CPU
		{8A05B1DE-1608-4F2A-AB6A-E459DF362D3B}.Debug|Any CPU.ActiveCfg = Debug|Any CPU
		{8A05B1DE-1608-4F2A-AB6A-E459DF362D3B}.Debug|Any CPU.Build.0 = Debug|Any CPU
		{8A05B1DE-1608-4F2A-AB6A-E459DF362D3B}.Release|Any CPU.ActiveCfg = Release|Any CPU
		{8A05B1DE-1608-4F2A-AB6A-E459DF362D3B}.Release|Any CPU.Build.0 = Release|Any CPU
		{D5F6DB72-A47F-4549-8648-7C402524096D}.Debug|Any CPU.ActiveCfg = Debug|Any CPU
		{D5F6DB72-A47F-4549-8648-7C402524096D}.Debug|Any CPU.Build.0 = Debug|Any CPU
		{D5F6DB72-A47F-4549-8648-7C402524096D}.Release|Any CPU.ActiveCfg = Release|Any CPU
		{D5F6DB72-A47F-4549-8648-7C402524096D}.Release|Any CPU.Build.0 = Release|Any CPU
		{5E2DAB1F-DC35-4BEA-BA51-FE63FCAD7EF1}.Debug|Any CPU.ActiveCfg = Debug|Any CPU
		{5E2DAB1F-DC35-4BEA-BA51-FE63FCAD7EF1}.Debug|Any CPU.Build.0 = Debug|Any CPU
		{5E2DAB1F-DC35-4BEA-BA51-FE63FCAD7EF1}.Release|Any CPU.ActiveCfg = Release|Any CPU
		{5E2DAB1F-DC35-4BEA-BA51-FE63FCAD7EF1}.Release|Any CPU.Build.0 = Release|Any CPU
		{F95222C9-3F83-47C4-A6DD-A82E27343B1D}.Debug|Any CPU.ActiveCfg = Debug|Any CPU
		{F95222C9-3F83-47C4-A6DD-A82E27343B1D}.Debug|Any CPU.Build.0 = Debug|Any CPU
		{F95222C9-3F83-47C4-A6DD-A82E27343B1D}.Release|Any CPU.ActiveCfg = Release|Any CPU
		{F95222C9-3F83-47C4-A6DD-A82E27343B1D}.Release|Any CPU.Build.0 = Release|Any CPU
		{F384F364-60C1-4E3F-87FB-8518A29723CE}.Debug|Any CPU.ActiveCfg = Debug|Any CPU
		{F384F364-60C1-4E3F-87FB-8518A29723CE}.Debug|Any CPU.Build.0 = Debug|Any CPU
		{F384F364-60C1-4E3F-87FB-8518A29723CE}.Release|Any CPU.ActiveCfg = Release|Any CPU
		{F384F364-60C1-4E3F-87FB-8518A29723CE}.Release|Any CPU.Build.0 = Release|Any CPU
		{2CF95631-FD8C-483D-8737-7D7110EAFAFB}.Debug|Any CPU.ActiveCfg = Debug|Any CPU
		{2CF95631-FD8C-483D-8737-7D7110EAFAFB}.Debug|Any CPU.Build.0 = Debug|Any CPU
		{2CF95631-FD8C-483D-8737-7D7110EAFAFB}.Release|Any CPU.ActiveCfg = Release|Any CPU
		{2CF95631-FD8C-483D-8737-7D7110EAFAFB}.Release|Any CPU.Build.0 = Release|Any CPU
		{2E636877-DAD9-4E9F-BDC6-11479A7AD9A9}.Debug|Any CPU.ActiveCfg = Debug|Any CPU
		{2E636877-DAD9-4E9F-BDC6-11479A7AD9A9}.Debug|Any CPU.Build.0 = Debug|Any CPU
		{2E636877-DAD9-4E9F-BDC6-11479A7AD9A9}.Release|Any CPU.ActiveCfg = Release|Any CPU
		{2E636877-DAD9-4E9F-BDC6-11479A7AD9A9}.Release|Any CPU.Build.0 = Release|Any CPU
		{E82FBE79-FDD8-42D4-ADEC-199F6F469142}.Debug|Any CPU.ActiveCfg = Debug|Any CPU
		{E82FBE79-FDD8-42D4-ADEC-199F6F469142}.Debug|Any CPU.Build.0 = Debug|Any CPU
		{E82FBE79-FDD8-42D4-ADEC-199F6F469142}.Release|Any CPU.ActiveCfg = Release|Any CPU
		{E82FBE79-FDD8-42D4-ADEC-199F6F469142}.Release|Any CPU.Build.0 = Release|Any CPU
		{14F82B98-4BE7-437E-A3A1-B8A579DFB829}.Debug|Any CPU.ActiveCfg = Debug|Any CPU
		{14F82B98-4BE7-437E-A3A1-B8A579DFB829}.Debug|Any CPU.Build.0 = Debug|Any CPU
		{14F82B98-4BE7-437E-A3A1-B8A579DFB829}.Release|Any CPU.ActiveCfg = Release|Any CPU
		{14F82B98-4BE7-437E-A3A1-B8A579DFB829}.Release|Any CPU.Build.0 = Release|Any CPU
	EndGlobalSection
	GlobalSection(SolutionProperties) = preSolution
		HideSolutionNode = FALSE
	EndGlobalSection
	GlobalSection(NestedProjects) = preSolution
		{C61CABAC-C872-4DBD-8EA7-D0FFAEC17C44} = {D742CF15-98B2-4095-B749-589A7ED4EFD1}
		{A07FB497-F1A3-4994-93FD-74BB00EC545D} = {D742CF15-98B2-4095-B749-589A7ED4EFD1}
		{CE6D91EF-6D07-4885-8095-E252FB856CA2} = {D742CF15-98B2-4095-B749-589A7ED4EFD1}
		{BA247DA3-3956-469A-BE72-2F201561404B} = {D742CF15-98B2-4095-B749-589A7ED4EFD1}
		{85F37D6B-ED28-409A-8207-35B9BB6CD3DE} = {CE6D91EF-6D07-4885-8095-E252FB856CA2}
		{0E0B40CA-1316-4A75-89E7-41DF7B8D2BE0} = {D742CF15-98B2-4095-B749-589A7ED4EFD1}
		{9A0EFE3E-C181-4E09-9CEE-6C4B45A3C907} = {70A6A95C-4F72-4D68-939B-3D84520F48A2}
		{8A05B1DE-1608-4F2A-AB6A-E459DF362D3B} = {70A6A95C-4F72-4D68-939B-3D84520F48A2}
		{D5F6DB72-A47F-4549-8648-7C402524096D} = {BA247DA3-3956-469A-BE72-2F201561404B}
		{5E2DAB1F-DC35-4BEA-BA51-FE63FCAD7EF1} = {BA247DA3-3956-469A-BE72-2F201561404B}
		{F95222C9-3F83-47C4-A6DD-A82E27343B1D} = {BA247DA3-3956-469A-BE72-2F201561404B}
		{F384F364-60C1-4E3F-87FB-8518A29723CE} = {0E0B40CA-1316-4A75-89E7-41DF7B8D2BE0}
		{2CF95631-FD8C-483D-8737-7D7110EAFAFB} = {0E0B40CA-1316-4A75-89E7-41DF7B8D2BE0}
		{2E636877-DAD9-4E9F-BDC6-11479A7AD9A9} = {0E0B40CA-1316-4A75-89E7-41DF7B8D2BE0}
		{E82FBE79-FDD8-42D4-ADEC-199F6F469142} = {0E0B40CA-1316-4A75-89E7-41DF7B8D2BE0}
		{14F82B98-4BE7-437E-A3A1-B8A579DFB829} = {D742CF15-98B2-4095-B749-589A7ED4EFD1}
	EndGlobalSection
	GlobalSection(ExtensibilityGlobals) = postSolution
		SolutionGuid = {D53D41CC-8B85-4816-A6CC-C1161061E791}
	EndGlobalSection
EndGlobal
